// !$*UTF8*$!
{
	archiveVersion = 1;
	classes = {
	};
	objectVersion = 77;
	objects = {

/* Begin PBXBuildFile section */
		E8626B992F9F0C8000CB5B8B /* AppDelegate.swift in Sources */ = {isa = PBXBuildFile; fileRef = E8626B982F9F0C8000CB5B8B /* AppDelegate.swift */; };
		E8626B9B2F9F0C8000CB5B8B /* SceneDelegate.swift in Sources */ = {isa = PBXBuildFile; fileRef = E8626B9A2F9F0C8000CB5B8B /* SceneDelegate.swift */; };
		E8626B9E2F9F0C8000CB5B8B /* LaunchScreen.storyboard in Resources */ = {isa = PBXBuildFile; fileRef = E8626B9C2F9F0C8000CB5B8B /* LaunchScreen.storyboard */; };
		E8626BA12F9F0C8000CB5B8B /* Main.storyboard in Resources */ = {isa = PBXBuildFile; fileRef = E8626B9F2F9F0C8000CB5B8B /* Main.storyboard */; };
		E8626BAA2F9F0C8000CB5B8B /* AppDelegate.swift in Sources */ = {isa = PBXBuildFile; fileRef = E8626BA92F9F0C8000CB5B8B /* AppDelegate.swift */; };
		E8626BAD2F9F0C8000CB5B8B /* Main.storyboard in Resources */ = {isa = PBXBuildFile; fileRef = E8626BAB2F9F0C8000CB5B8B /* Main.storyboard */; };
		E8626BB42F9F0C8000CB5B8B /* AxureScaleScreen Extension.appex in Embed Foundation Extensions */ = {isa = PBXBuildFile; fileRef = E8626BB32F9F0C8000CB5B8B /* AxureScaleScreen Extension.appex */; settings = {ATTRIBUTES = (RemoveHeadersOnCopy, ); }; };
		E8626BBE2F9F0C8000CB5B8B /* AxureScaleScreen Extension.appex in Embed Foundation Extensions */ = {isa = PBXBuildFile; fileRef = E8626BBD2F9F0C8000CB5B8B /* AxureScaleScreen Extension.appex */; settings = {ATTRIBUTES = (RemoveHeadersOnCopy, ); }; };
		E8626BC32F9F0C8000CB5B8B /* Main.html in Resources */ = {isa = PBXBuildFile; fileRef = E8626B882F9F0C7F00CB5B8B /* Main.html */; };
		E8626BC42F9F0C8000CB5B8B /* Main.html in Resources */ = {isa = PBXBuildFile; fileRef = E8626B882F9F0C7F00CB5B8B /* Main.html */; };
		E8626BC52F9F0C8000CB5B8B /* Icon.png in Resources */ = {isa = PBXBuildFile; fileRef = E8626B8A2F9F0C7F00CB5B8B /* Icon.png */; };
		E8626BC62F9F0C8000CB5B8B /* Icon.png in Resources */ = {isa = PBXBuildFile; fileRef = E8626B8A2F9F0C7F00CB5B8B /* Icon.png */; };
		E8626BC72F9F0C8000CB5B8B /* Style.css in Resources */ = {isa = PBXBuildFile; fileRef = E8626B8B2F9F0C7F00CB5B8B /* Style.css */; };
		E8626BC82F9F0C8000CB5B8B /* Style.css in Resources */ = {isa = PBXBuildFile; fileRef = E8626B8B2F9F0C7F00CB5B8B /* Style.css */; };
		E8626BC92F9F0C8000CB5B8B /* Script.js in Resources */ = {isa = PBXBuildFile; fileRef = E8626B8C2F9F0C7F00CB5B8B /* Script.js */; };
		E8626BCA2F9F0C8000CB5B8B /* Script.js in Resources */ = {isa = PBXBuildFile; fileRef = E8626B8C2F9F0C7F00CB5B8B /* Script.js */; };
		E8626BCB2F9F0C8000CB5B8B /* ViewController.swift in Sources */ = {isa = PBXBuildFile; fileRef = E8626B8D2F9F0C7F00CB5B8B /* ViewController.swift */; };
		E8626BCC2F9F0C8000CB5B8B /* ViewController.swift in Sources */ = {isa = PBXBuildFile; fileRef = E8626B8D2F9F0C7F00CB5B8B /* ViewController.swift */; };
		E8626BCD2F9F0C8000CB5B8B /* Assets.xcassets in Resources */ = {isa = PBXBuildFile; fileRef = E8626B8E2F9F0C8000CB5B8B /* Assets.xcassets */; };
		E8626BCE2F9F0C8000CB5B8B /* Assets.xcassets in Resources */ = {isa = PBXBuildFile; fileRef = E8626B8E2F9F0C8000CB5B8B /* Assets.xcassets */; };
		E8626BCF2F9F0C8000CB5B8B /* SafariWebExtensionHandler.swift in Sources */ = {isa = PBXBuildFile; fileRef = E8626B902F9F0C8000CB5B8B /* SafariWebExtensionHandler.swift */; };
		E8626BD02F9F0C8000CB5B8B /* SafariWebExtensionHandler.swift in Sources */ = {isa = PBXBuildFile; fileRef = E8626B902F9F0C8000CB5B8B /* SafariWebExtensionHandler.swift */; };
		E8626BE82F9F0C8000CB5B8B /* background.js in Resources */ = {isa = PBXBuildFile; fileRef = E8626BE22F9F0C8000CB5B8B /* background.js */; };
		E8626BE92F9F0C8000CB5B8B /* popup.html in Resources */ = {isa = PBXBuildFile; fileRef = E8626BE32F9F0C8000CB5B8B /* popup.html */; };
		E8626BEA2F9F0C8000CB5B8B /* icons in Resources */ = {isa = PBXBuildFile; fileRef = E8626BE42F9F0C8000CB5B8B /* icons */; };
		E8626BEB2F9F0C8000CB5B8B /* manifest.json in Resources */ = {isa = PBXBuildFile; fileRef = E8626BE52F9F0C8000CB5B8B /* manifest.json */; };
		E8626BEC2F9F0C8000CB5B8B /* content.js in Resources */ = {isa = PBXBuildFile; fileRef = E8626BE62F9F0C8000CB5B8B /* content.js */; };
		E8626BED2F9F0C8000CB5B8B /* assets in Resources */ = {isa = PBXBuildFile; fileRef = E8626BE72F9F0C8000CB5B8B /* assets */; };
		E8626BEE2F9F0C8000CB5B8B /* background.js in Resources */ = {isa = PBXBuildFile; fileRef = E8626BE22F9F0C8000CB5B8B /* background.js */; };
		E8626BEF2F9F0C8000CB5B8B /* popup.html in Resources */ = {isa = PBXBuildFile; fileRef = E8626BE32F9F0C8000CB5B8B /* popup.html */; };
		E8626BF02F9F0C8000CB5B8B /* icons in Resources */ = {isa = PBXBuildFile; fileRef = E8626BE42F9F0C8000CB5B8B /* icons */; };
		E8626BF12F9F0C8000CB5B8B /* manifest.json in Resources */ = {isa = PBXBuildFile; fileRef = E8626BE52F9F0C8000CB5B8B /* manifest.json */; };
		E8626BF22F9F0C8000CB5B8B /* content.js in Resources */ = {isa = PBXBuildFile; fileRef = E8626BE62F9F0C8000CB5B8B /* content.js */; };
		E8626BF32F9F0C8000CB5B8B /* assets in Resources */ = {isa = PBXBuildFile; fileRef = E8626BE72F9F0C8000CB5B8B /* assets */; };
/* End PBXBuildFile section */

/* Begin PBXContainerItemProxy section */
		E8626BB52F9F0C8000CB5B8B /* PBXContainerItemProxy */ = {
			isa = PBXContainerItemProxy;
			containerPortal = E8626B822F9F0C7E00CB5B8B /* Project object */;
			proxyType = 1;
			remoteGlobalIDString = E8626BB22F9F0C8000CB5B8B;
			remoteInfo = "AxureScaleScreen Extension (iOS)";
		};
		E8626BBF2F9F0C8000CB5B8B /* PBXContainerItemProxy */ = {
			isa = PBXContainerItemProxy;
			containerPortal = E8626B822F9F0C7E00CB5B8B /* Project object */;
			proxyType = 1;
			remoteGlobalIDString = E8626BBC2F9F0C8000CB5B8B;
			remoteInfo = "AxureScaleScreen Extension (macOS)";
		};
/* End PBXContainerItemProxy section */

/* Begin PBXCopyFilesBuildPhase section */
		E8626BD62F9F0C8000CB5B8B /* Embed Foundation Extensions */ = {
			isa = PBXCopyFilesBuildPhase;
			buildActionMask = 2147483647;
			dstPath = "";
			dstSubfolderSpec = 13;
			files = (
				E8626BB42F9F0C8000CB5B8B /* AxureScaleScreen Extension.appex in Embed Foundation Extensions */,
			);
			name = "Embed Foundation Extensions";
			runOnlyForDeploymentPostprocessing = 0;
		};
		E8626BDD2F9F0C8000CB5B8B /* Embed Foundation Extensions */ = {
			isa = PBXCopyFilesBuildPhase;
			buildActionMask = 2147483647;
			dstPath = "";
			dstSubfolderSpec = 13;
			files = (
				E8626BBE2F9F0C8000CB5B8B /* AxureScaleScreen Extension.appex in Embed Foundation Extensions */,
			);
			name = "Embed Foundation Extensions";
			runOnlyForDeploymentPostprocessing = 0;
		};
/* End PBXCopyFilesBuildPhase section */

/* Begin PBXFileReference section */
		E8626B892F9F0C7F00CB5B8B /* Base */ = {isa = PBXFileReference; lastKnownFileType = text.html; name = Base; path = Base.lproj/Main.html; sourceTree = "<group>"; };
		E8626B8A2F9F0C7F00CB5B8B /* Icon.png */ = {isa = PBXFileReference; lastKnownFileType = image.png; path = Icon.png; sourceTree = "<group>"; };
		E8626B8B2F9F0C7F00CB5B8B /* Style.css */ = {isa = PBXFileReference; lastKnownFileType = text.css; path = Style.css; sourceTree = "<group>"; };
		E8626B8C2F9F0C7F00CB5B8B /* Script.js */ = {isa = PBXFileReference; lastKnownFileType = sourcecode.javascript; path = Script.js; sourceTree = "<group>"; };
		E8626B8D2F9F0C7F00CB5B8B /* ViewController.swift */ = {isa = PBXFileReference; lastKnownFileType = sourcecode.swift; path = ViewController.swift; sourceTree = "<group>"; };
		E8626B8E2F9F0C8000CB5B8B /* Assets.xcassets */ = {isa = PBXFileReference; lastKnownFileType = folder.assetcatalog; path = Assets.xcassets; sourceTree = "<group>"; };
		E8626B902F9F0C8000CB5B8B /* SafariWebExtensionHandler.swift */ = {isa = PBXFileReference; lastKnownFileType = sourcecode.swift; path = SafariWebExtensionHandler.swift; sourceTree = "<group>"; };
		E8626B952F9F0C8000CB5B8B /* AxureScaleScreen.app */ = {isa = PBXFileReference; explicitFileType = wrapper.application; includeInIndex = 0; path = AxureScaleScreen.app; sourceTree = BUILT_PRODUCTS_DIR; };
		E8626B982F9F0C8000CB5B8B /* AppDelegate.swift */ = {isa = PBXFileReference; lastKnownFileType = sourcecode.swift; path = AppDelegate.swift; sourceTree = "<group>"; };
		E8626B9A2F9F0C8000CB5B8B /* SceneDelegate.swift */ = {isa = PBXFileReference; lastKnownFileType = sourcecode.swift; path = SceneDelegate.swift; sourceTree = "<group>"; };
		E8626B9D2F9F0C8000CB5B8B /* Base */ = {isa = PBXFileReference; lastKnownFileType = file.storyboard; name = Base; path = Base.lproj/LaunchScreen.storyboard; sourceTree = "<group>"; };
		E8626BA02F9F0C8000CB5B8B /* Base */ = {isa = PBXFileReference; lastKnownFileType = file.storyboard; name = Base; path = Base.lproj/Main.storyboard; sourceTree = "<group>"; };
		E8626BA22F9F0C8000CB5B8B /* Info.plist */ = {isa = PBXFileReference; lastKnownFileType = text.plist.xml; path = Info.plist; sourceTree = "<group>"; };
		E8626BA72F9F0C8000CB5B8B /* AxureScaleScreen.app */ = {isa = PBXFileReference; explicitFileType = wrapper.application; includeInIndex = 0; path = AxureScaleScreen.app; sourceTree = BUILT_PRODUCTS_DIR; };
		E8626BA92F9F0C8000CB5B8B /* AppDelegate.swift */ = {isa = PBXFileReference; lastKnownFileType = sourcecode.swift; path = AppDelegate.swift; sourceTree = "<group>"; };
		E8626BAC2F9F0C8000CB5B8B /* Base */ = {isa = PBXFileReference; lastKnownFileType = file.storyboard; name = Base; path = Base.lproj/Main.storyboard; sourceTree = "<group>"; };
		E8626BAE2F9F0C8000CB5B8B /* Info.plist */ = {isa = PBXFileReference; lastKnownFileType = text.plist.xml; path = Info.plist; sourceTree = "<group>"; };
		E8626BB32F9F0C8000CB5B8B /* AxureScaleScreen Extension.appex */ = {isa = PBXFileReference; explicitFileType = "wrapper.app-extension"; includeInIndex = 0; path = "AxureScaleScreen Extension.appex"; sourceTree = BUILT_PRODUCTS_DIR; };
		E8626BB82F9F0C8000CB5B8B /* Info.plist */ = {isa = PBXFileReference; lastKnownFileType = text.plist.xml; path = Info.plist; sourceTree = "<group>"; };
		E8626BBD2F9F0C8000CB5B8B /* AxureScaleScreen Extension.appex */ = {isa = PBXFileReference; explicitFileType = "wrapper.app-extension"; includeInIndex = 0; path = "AxureScaleScreen Extension.appex"; sourceTree = BUILT_PRODUCTS_DIR; };
		E8626BC22F9F0C8000CB5B8B /* Info.plist */ = {isa = PBXFileReference; lastKnownFileType = text.plist.xml; path = Info.plist; sourceTree = "<group>"; };
		E8626BE22F9F0C8000CB5B8B /* background.js */ = {isa = PBXFileReference; lastKnownFileType = sourcecode.javascript; name = background.js; path = ../../../dist/background.js; sourceTree = "<group>"; };
		E8626BE32F9F0C8000CB5B8B /* popup.html */ = {isa = PBXFileReference; lastKnownFileType = text.html; name = popup.html; path = ../../../dist/popup.html; sourceTree = "<group>"; };
		E8626BE42F9F0C8000CB5B8B /* icons */ = {isa = PBXFileReference; lastKnownFileType = folder; name = icons; path = ../../../dist/icons; sourceTree = "<group>"; };
		E8626BE52F9F0C8000CB5B8B /* manifest.json */ = {isa = PBXFileReference; lastKnownFileType = text.json; name = manifest.json; path = ../../../dist/manifest.json; sourceTree = "<group>"; };
		E8626BE62F9F0C8000CB5B8B /* content.js */ = {isa = PBXFileReference; lastKnownFileType = sourcecode.javascript; name = content.js; path = ../../../dist/content.js; sourceTree = "<group>"; };
		E8626BE72F9F0C8000CB5B8B /* assets */ = {isa = PBXFileReference; lastKnownFileType = folder; name = assets; path = ../../../dist/assets; sourceTree = "<group>"; };
/* End PBXFileReference section */

/* Begin PBXFrameworksBuildPhase section */
		E8626B922F9F0C8000CB5B8B /* Frameworks */ = {
			isa = PBXFrameworksBuildPhase;
			buildActionMask = 2147483647;
			files = (
			);
			runOnlyForDeploymentPostprocessing = 0;
		};
		E8626BA42F9F0C8000CB5B8B /* Frameworks */ = {
			isa = PBXFrameworksBuildPhase;
			buildActionMask = 2147483647;
			files = (
			);
			runOnlyForDeploymentPostprocessing = 0;
		};
		E8626BB02F9F0C8000CB5B8B /* Frameworks */ = {
			isa = PBXFrameworksBuildPhase;
			buildActionMask = 2147483647;
			files = (
			);
			runOnlyForDeploymentPostprocessing = 0;
		};
		E8626BBA2F9F0C8000CB5B8B /* Frameworks */ = {
			isa = PBXFrameworksBuildPhase;
			buildActionMask = 2147483647;
			files = (
			);
			runOnlyForDeploymentPostprocessing = 0;
		};
/* End PBXFrameworksBuildPhase section */

/* Begin PBXGroup section */
		E8626B812F9F0C7E00CB5B8B = {
			isa = PBXGroup;
			children = (
				E8626B862F9F0C7F00CB5B8B /* Shared (App) */,
				E8626B8F2F9F0C8000CB5B8B /* Shared (Extension) */,
				E8626B972F9F0C8000CB5B8B /* iOS (App) */,
				E8626BA82F9F0C8000CB5B8B /* macOS (App) */,
				E8626BB72F9F0C8000CB5B8B /* iOS (Extension) */,
				E8626BC12F9F0C8000CB5B8B /* macOS (Extension) */,
				E8626B962F9F0C8000CB5B8B /* Products */,
			);
			sourceTree = "<group>";
		};
		E8626B862F9F0C7F00CB5B8B /* Shared (App) */ = {
			isa = PBXGroup;
			children = (
				E8626B8D2F9F0C7F00CB5B8B /* ViewController.swift */,
				E8626B8E2F9F0C8000CB5B8B /* Assets.xcassets */,
				E8626B872F9F0C7F00CB5B8B /* Resources */,
			);
			path = "Shared (App)";
			sourceTree = "<group>";
		};
		E8626B872F9F0C7F00CB5B8B /* Resources */ = {
			isa = PBXGroup;
			children = (
				E8626B882F9F0C7F00CB5B8B /* Main.html */,
				E8626B8A2F9F0C7F00CB5B8B /* Icon.png */,
				E8626B8B2F9F0C7F00CB5B8B /* Style.css */,
				E8626B8C2F9F0C7F00CB5B8B /* Script.js */,
			);
			path = Resources;
			sourceTree = "<group>";
		};
		E8626B8F2F9F0C8000CB5B8B /* Shared (Extension) */ = {
			isa = PBXGroup;
			children = (
				E8626BE12F9F0C8000CB5B8B /* Resources */,
				E8626B902F9F0C8000CB5B8B /* SafariWebExtensionHandler.swift */,
			);
			path = "Shared (Extension)";
			sourceTree = "<group>";
		};
		E8626B962F9F0C8000CB5B8B /* Products */ = {
			isa = PBXGroup;
			children = (
				E8626B952F9F0C8000CB5B8B /* AxureScaleScreen.app */,
				E8626BA72F9F0C8000CB5B8B /* AxureScaleScreen.app */,
				E8626BB32F9F0C8000CB5B8B /* AxureScaleScreen Extension.appex */,
				E8626BBD2F9F0C8000CB5B8B /* AxureScaleScreen Extension.appex */,
			);
			name = Products;
			sourceTree = "<group>";
		};
		E8626B972F9F0C8000CB5B8B /* iOS (App) */ = {
			isa = PBXGroup;
			children = (
				E8626B982F9F0C8000CB5B8B /* AppDelegate.swift */,
				E8626B9A2F9F0C8000CB5B8B /* SceneDelegate.swift */,
				E8626B9C2F9F0C8000CB5B8B /* LaunchScreen.storyboard */,
				E8626B9F2F9F0C8000CB5B8B /* Main.storyboard */,
				E8626BA22F9F0C8000CB5B8B /* Info.plist */,
			);
			path = "iOS (App)";
			sourceTree = "<group>";
		};
		E8626BA82F9F0C8000CB5B8B /* macOS (App) */ = {
			isa = PBXGroup;
			children = (
				E8626BA92F9F0C8000CB5B8B /* AppDelegate.swift */,
				E8626BAB2F9F0C8000CB5B8B /* Main.storyboard */,
				E8626BAE2F9F0C8000CB5B8B /* Info.plist */,
			);
			path = "macOS (App)";
			sourceTree = "<group>";
		};
		E8626BB72F9F0C8000CB5B8B /* iOS (Extension) */ = {
			isa = PBXGroup;
			children = (
				E8626BB82F9F0C8000CB5B8B /* Info.plist */,
			);
			path = "iOS (Extension)";
			sourceTree = "<group>";
		};
		E8626BC12F9F0C8000CB5B8B /* macOS (Extension) */ = {
			isa = PBXGroup;
			children = (
				E8626BC22F9F0C8000CB5B8B /* Info.plist */,
			);
			path = "macOS (Extension)";
			sourceTree = "<group>";
		};
		E8626BE12F9F0C8000CB5B8B /* Resources */ = {
			isa = PBXGroup;
			children = (
				E8626BE22F9F0C8000CB5B8B /* background.js */,
				E8626BE32F9F0C8000CB5B8B /* popup.html */,
				E8626BE42F9F0C8000CB5B8B /* icons */,
				E8626BE52F9F0C8000CB5B8B /* manifest.json */,
				E8626BE62F9F0C8000CB5B8B /* content.js */,
				E8626BE72F9F0C8000CB5B8B /* assets */,
			);
			name = Resources;
			path = "Shared (Extension)";
			sourceTree = SOURCE_ROOT;
		};
/* End PBXGroup section */

/* Begin PBXNativeTarget section */
		E8626B942F9F0C8000CB5B8B /* AxureScaleScreen (iOS) */ = {
			isa = PBXNativeTarget;
			buildConfigurationList = E8626BD72F9F0C8000CB5B8B /* Build configuration list for PBXNativeTarget "AxureScaleScreen (iOS)" */;
			buildPhases = (
				E8626B912F9F0C8000CB5B8B /* Sources */,
				E8626B922F9F0C8000CB5B8B /* Frameworks */,
				E8626B932F9F0C8000CB5B8B /* Resources */,
				E8626BD62F9F0C8000CB5B8B /* Embed Foundation Extensions */,
			);
			buildRules = (
			);
			dependencies = (
				E8626BB62F9F0C8000CB5B8B /* PBXTargetDependency */,
			);
			name = "AxureScaleScreen (iOS)";
			packageProductDependencies = (
			);
			productName = "AxureScaleScreen (iOS)";
			productReference = E8626B952F9F0C8000CB5B8B /* AxureScaleScreen.app */;
			productType = "com.apple.product-type.application";
		};
		E8626BA62F9F0C8000CB5B8B /* AxureScaleScreen (macOS) */ = {
			isa = PBXNativeTarget;
			buildConfigurationList = E8626BDE2F9F0C8000CB5B8B /* Build configuration list for PBXNativeTarget "AxureScaleScreen (macOS)" */;
			buildPhases = (
				E8626BA32F9F0C8000CB5B8B /* Sources */,
				E8626BA42F9F0C8000CB5B8B /* Frameworks */,
				E8626BA52F9F0C8000CB5B8B /* Resources */,
				E8626BDD2F9F0C8000CB5B8B /* Embed Foundation Extensions */,
			);
			buildRules = (
			);
			dependencies = (
				E8626BC02F9F0C8000CB5B8B /* PBXTargetDependency */,
			);
			name = "AxureScaleScreen (macOS)";
			packageProductDependencies = (
			);
			productName = "AxureScaleScreen (macOS)";
			productReference = E8626BA72F9F0C8000CB5B8B /* AxureScaleScreen.app */;
			productType = "com.apple.product-type.application";
		};
		E8626BB22F9F0C8000CB5B8B /* AxureScaleScreen Extension (iOS) */ = {
			isa = PBXNativeTarget;
			buildConfigurationList = E8626BD32F9F0C8000CB5B8B /* Build configuration list for PBXNativeTarget "AxureScaleScreen Extension (iOS)" */;
			buildPhases = (
				E8626BAF2F9F0C8000CB5B8B /* Sources */,
				E8626BB02F9F0C8000CB5B8B /* Frameworks */,
				E8626BB12F9F0C8000CB5B8B /* Resources */,
			);
			buildRules = (
			);
			dependencies = (
			);
			name = "AxureScaleScreen Extension (iOS)";
			packageProductDependencies = (
			);
			productName = "AxureScaleScreen Extension (iOS)";
			productReference = E8626BB32F9F0C8000CB5B8B /* AxureScaleScreen Extension.appex */;
			productType = "com.apple.product-type.app-extension";
		};
		E8626BBC2F9F0C8000CB5B8B /* AxureScaleScreen Extension (macOS) */ = {
			isa = PBXNativeTarget;
			buildConfigurationList = E8626BDA2F9F0C8000CB5B8B /* Build configuration list for PBXNativeTarget "AxureScaleScreen Extension (macOS)" */;
			buildPhases = (
				E8626BB92F9F0C8000CB5B8B /* Sources */,
				E8626BBA2F9F0C8000CB5B8B /* Frameworks */,
				E8626BBB2F9F0C8000CB5B8B /* Resources */,
			);
			buildRules = (
			);
			dependencies = (
			);
			name = "AxureScaleScreen Extension (macOS)";
			packageProductDependencies = (
			);
			productName = "AxureScaleScreen Extension (macOS)";
			productReference = E8626BBD2F9F0C8000CB5B8B /* AxureScaleScreen Extension.appex */;
			productType = "com.apple.product-type.app-extension";
		};
/* End PBXNativeTarget section */

/* Begin PBXProject section */
		E8626B822F9F0C7E00CB5B8B /* Project object */ = {
			isa = PBXProject;
			attributes = {
				BuildIndependentTargetsInParallel = 1;
				LastSwiftUpdateCheck = 2640;
				LastUpgradeCheck = 2640;
				TargetAttributes = {
					E8626B942F9F0C8000CB5B8B = {
						CreatedOnToolsVersion = 26.4.1;
					};
					E8626BA62F9F0C8000CB5B8B = {
						CreatedOnToolsVersion = 26.4.1;
					};
					E8626BB22F9F0C8000CB5B8B = {
						CreatedOnToolsVersion = 26.4.1;
					};
					E8626BBC2F9F0C8000CB5B8B = {
						CreatedOnToolsVersion = 26.4.1;
					};
				};
			};
			buildConfigurationList = E8626B852F9F0C7E00CB5B8B /* Build configuration list for PBXProject "AxureScaleScreen" */;
			developmentRegion = en;
			hasScannedForEncodings = 0;
			knownRegions = (
				en,
				Base,
			);
			mainGroup = E8626B812F9F0C7E00CB5B8B;
			minimizedProjectReferenceProxies = 1;
			preferredProjectObjectVersion = 77;
			productRefGroup = E8626B962F9F0C8000CB5B8B /* Products */;
			projectDirPath = "";
			projectRoot = "";
			targets = (
				E8626B942F9F0C8000CB5B8B /* AxureScaleScreen (iOS) */,
				E8626BA62F9F0C8000CB5B8B /* AxureScaleScreen (macOS) */,
				E8626BB22F9F0C8000CB5B8B /* AxureScaleScreen Extension (iOS) */,
				E8626BBC2F9F0C8000CB5B8B /* AxureScaleScreen Extension (macOS) */,
			);
		};
/* End PBXProject section */

/* Begin PBXResourcesBuildPhase section */
		E8626B932F9F0C8000CB5B8B /* Resources */ = {
			isa = PBXResourcesBuildPhase;
			buildActionMask = 2147483647;
			files = (
				E8626BC52F9F0C8000CB5B8B /* Icon.png in Resources */,
				E8626B9E2F9F0C8000CB5B8B /* LaunchScreen.storyboard in Resources */,
				E8626BC32F9F0C8000CB5B8B /* Main.html in Resources */,
				E8626BC92F9F0C8000CB5B8B /* Script.js in Resources */,
				E8626BCD2F9F0C8000CB5B8B /* Assets.xcassets in Resources */,
				E8626BA12F9F0C8000CB5B8B /* Main.storyboard in Resources */,
				E8626BC72F9F0C8000CB5B8B /* Style.css in Resources */,
			);
			runOnlyForDeploymentPostprocessing = 0;
		};
		E8626BA52F9F0C8000CB5B8B /* Resources */ = {
			isa = PBXResourcesBuildPhase;
			buildActionMask = 2147483647;
			files = (
				E8626BC62F9F0C8000CB5B8B /* Icon.png in Resources */,
				E8626BC82F9F0C8000CB5B8B /* Style.css in Resources */,
				E8626BAD2F9F0C8000CB5B8B /* Main.storyboard in Resources */,
				E8626BCA2F9F0C8000CB5B8B /* Script.js in Resources */,
				E8626BCE2F9F0C8000CB5B8B /* Assets.xcassets in Resources */,
				E8626BC42F9F0C8000CB5B8B /* Main.html in Resources */,
			);
			runOnlyForDeploymentPostprocessing = 0;
		};
		E8626BB12F9F0C8000CB5B8B /* Resources */ = {
			isa = PBXResourcesBuildPhase;
			buildActionMask = 2147483647;
			files = (
				E8626BF12F9F0C8000CB5B8B /* manifest.json in Resources */,
				E8626BF02F9F0C8000CB5B8B /* icons in Resources */,
				E8626BEE2F9F0C8000CB5B8B /* background.js in Resources */,
				E8626BF32F9F0C8000CB5B8B /* assets in Resources */,
				E8626BEF2F9F0C8000CB5B8B /* popup.html in Resources */,
				E8626BF22F9F0C8000CB5B8B /* content.js in Resources */,
			);
			runOnlyForDeploymentPostprocessing = 0;
		};
		E8626BBB2F9F0C8000CB5B8B /* Resources */ = {
			isa = PBXResourcesBuildPhase;
			buildActionMask = 2147483647;
			files = (
				E8626BEB2F9F0C8000CB5B8B /* manifest.json in Resources */,
				E8626BEA2F9F0C8000CB5B8B /* icons in Resources */,
				E8626BE82F9F0C8000CB5B8B /* background.js in Resources */,
				E8626BED2F9F0C8000CB5B8B /* assets in Resources */,
				E8626BE92F9F0C8000CB5B8B /* popup.html in Resources */,
				E8626BEC2F9F0C8000CB5B8B /* content.js in Resources */,
			);
			runOnlyForDeploymentPostprocessing = 0;
		};
/* End PBXResourcesBuildPhase section */

/* Begin PBXSourcesBuildPhase section */
		E8626B912F9F0C8000CB5B8B /* Sources */ = {
			isa = PBXSourcesBuildPhase;
			buildActionMask = 2147483647;
			files = (
				E8626BCB2F9F0C8000CB5B8B /* ViewController.swift in Sources */,
				E8626B992F9F0C8000CB5B8B /* AppDelegate.swift in Sources */,
				E8626B9B2F9F0C8000CB5B8B /* SceneDelegate.swift in Sources */,
			);
			runOnlyForDeploymentPostprocessing = 0;
		};
		E8626BA32F9F0C8000CB5B8B /* Sources */ = {
			isa = PBXSourcesBuildPhase;
			buildActionMask = 2147483647;
			files = (
				E8626BCC2F9F0C8000CB5B8B /* ViewController.swift in Sources */,
				E8626BAA2F9F0C8000CB5B8B /* AppDelegate.swift in Sources */,
			);
			runOnlyForDeploymentPostprocessing = 0;
		};
		E8626BAF2F9F0C8000CB5B8B /* Sources */ = {
			isa = PBXSourcesBuildPhase;
			buildActionMask = 2147483647;
			files = (
				E8626BCF2F9F0C8000CB5B8B /* SafariWebExtensionHandler.swift in Sources */,
			);
			runOnlyForDeploymentPostprocessing = 0;
		};
		E8626BB92F9F0C8000CB5B8B /* Sources */ = {
			isa = PBXSourcesBuildPhase;
			buildActionMask = 2147483647;
			files = (
				E8626BD02F9F0C8000CB5B8B /* SafariWebExtensionHandler.swift in Sources */,
			);
			runOnlyForDeploymentPostprocessing = 0;
		};
/* End PBXSourcesBuildPhase section */

/* Begin PBXTargetDependency section */
		E8626BB62F9F0C8000CB5B8B /* PBXTargetDependency */ = {
			isa = PBXTargetDependency;
			target = E8626BB22F9F0C8000CB5B8B /* AxureScaleScreen Extension (iOS) */;
			targetProxy = E8626BB52F9F0C8000CB5B8B /* PBXContainerItemProxy */;
		};
		E8626BC02F9F0C8000CB5B8B /* PBXTargetDependency */ = {
			isa = PBXTargetDependency;
			target = E8626BBC2F9F0C8000CB5B8B /* AxureScaleScreen Extension (macOS) */;
			targetProxy = E8626BBF2F9F0C8000CB5B8B /* PBXContainerItemProxy */;
		};
/* End PBXTargetDependency section */

/* Begin PBXVariantGroup section */
		E8626B882F9F0C7F00CB5B8B /* Main.html */ = {
			isa = PBXVariantGroup;
			children = (
				E8626B892F9F0C7F00CB5B8B /* Base */,
			);
			name = Main.html;
			sourceTree = "<group>";
		};
		E8626B9C2F9F0C8000CB5B8B /* LaunchScreen.storyboard */ = {
			isa = PBXVariantGroup;
			children = (
				E8626B9D2F9F0C8000CB5B8B /* Base */,
			);
			name = LaunchScreen.storyboard;
			sourceTree = "<group>";
		};
		E8626B9F2F9F0C8000CB5B8B /* Main.storyboard */ = {
			isa = PBXVariantGroup;
			children = (
				E8626BA02F9F0C8000CB5B8B /* Base */,
			);
			name = Main.storyboard;
			sourceTree = "<group>";
		};
		E8626BAB2F9F0C8000CB5B8B /* Main.storyboard */ = {
			isa = PBXVariantGroup;
			children = (
				E8626BAC2F9F0C8000CB5B8B /* Base */,
			);
			name = Main.storyboard;
			sourceTree = "<group>";
		};
/* End PBXVariantGroup section */

/* Begin XCBuildConfiguration section */
		E8626BD12F9F0C8000CB5B8B /* Debug */ = {
			isa = XCBuildConfiguration;
			buildSettings = {
				ALWAYS_SEARCH_USER_PATHS = NO;
				ASSETCATALOG_COMPILER_GENERATE_SWIFT_ASSET_SYMBOL_EXTENSIONS = YES;
				CLANG_ANALYZER_NONNULL = YES;
				CLANG_ANALYZER_NUMBER_OBJECT_CONVERSION = YES_AGGRESSIVE;
				CLANG_CXX_LANGUAGE_STANDARD = "gnu++20";
				CLANG_ENABLE_MODULES = YES;
				CLANG_ENABLE_OBJC_ARC = YES;
				CLANG_ENABLE_OBJC_WEAK = YES;
				CLANG_WARN_BLOCK_CAPTURE_AUTORELEASING = YES;
				CLANG_WARN_BOOL_CONVERSION = YES;
				CLANG_WARN_COMMA = YES;
				CLANG_WARN_CONSTANT_CONVERSION = YES;
				CLANG_WARN_DEPRECATED_OBJC_IMPLEMENTATIONS = YES;
				CLANG_WARN_DIRECT_OBJC_ISA_USAGE = YES_ERROR;
				CLANG_WARN_DOCUMENTATION_COMMENTS = YES;
				CLANG_WARN_EMPTY_BODY = YES;
				CLANG_WARN_ENUM_CONVERSION = YES;
				CLANG_WARN_INFINITE_RECURSION = YES;
				CLANG_WARN_INT_CONVERSION = YES;
				CLANG_WARN_NON_LITERAL_NULL_CONVERSION = YES;
				CLANG_WARN_OBJC_IMPLICIT_RETAIN_SELF = YES;
				CLANG_WARN_OBJC_LITERAL_CONVERSION = YES;
				CLANG_WARN_OBJC_ROOT_CLASS = YES_ERROR;
				CLANG_WARN_QUOTED_INCLUDE_IN_FRAMEWORK_HEADER = YES;
				CLANG_WARN_RANGE_LOOP_ANALYSIS = YES;
				CLANG_WARN_STRICT_PROTOTYPES = YES;
				CLANG_WARN_SUSPICIOUS_MOVE = YES;
				CLANG_WARN_UNGUARDED_AVAILABILITY = YES_AGGRESSIVE;
				CLANG_WARN_UNREACHABLE_CODE = YES;
				CLANG_WARN__DUPLICATE_METHOD_MATCH = YES;
				COPY_PHASE_STRIP = NO;
				DEBUG_INFORMATION_FORMAT = dwarf;
				ENABLE_STRICT_OBJC_MSGSEND = YES;
				ENABLE_TESTABILITY = YES;
				ENABLE_USER_SCRIPT_SANDBOXING = YES;
				GCC_C_LANGUAGE_STANDARD = gnu17;
				GCC_DYNAMIC_NO_PIC = NO;
				GCC_NO_COMMON_BLOCKS = YES;
				GCC_OPTIMIZATION_LEVEL = 0;
				GCC_PREPROCESSOR_DEFINITIONS = (
					"DEBUG=1",
					"$(inherited)",
				);
				GCC_WARN_64_TO_32_BIT_CONVERSION = YES;
				GCC_WARN_ABOUT_RETURN_TYPE = YES_ERROR;
				GCC_WARN_UNDECLARED_SELECTOR = YES;
				GCC_WARN_UNINITIALIZED_AUTOS = YES_AGGRESSIVE;
				GCC_WARN_UNUSED_FUNCTION = YES;
				GCC_WARN_UNUSED_VARIABLE = YES;
				LOCALIZATION_PREFERS_STRING_CATALOGS = YES;
				MTL_ENABLE_DEBUG_INFO = INCLUDE_SOURCE;
				MTL_FAST_MATH = YES;
				ONLY_ACTIVE_ARCH = YES;
				SWIFT_ACTIVE_COMPILATION_CONDITIONS = "DEBUG $(inherited)";
				SWIFT_OPTIMIZATION_LEVEL = "-Onone";
			};
			name = Debug;
		};
		E8626BD22F9F0C8000CB5B8B /* Release */ = {
			isa = XCBuildConfiguration;
			buildSettings = {
				ALWAYS_SEARCH_USER_PATHS = NO;
				ASSETCATALOG_COMPILER_GENERATE_SWIFT_ASSET_SYMBOL_EXTENSIONS = YES;
				CLANG_ANALYZER_NONNULL = YES;
				CLANG_ANALYZER_NUMBER_OBJECT_CONVERSION = YES_AGGRESSIVE;
				CLANG_CXX_LANGUAGE_STANDARD = "gnu++20";
				CLANG_ENABLE_MODULES = YES;
				CLANG_ENABLE_OBJC_ARC = YES;
				CLANG_ENABLE_OBJC_WEAK = YES;
				CLANG_WARN_BLOCK_CAPTURE_AUTORELEASING = YES;
				CLANG_WARN_BOOL_CONVERSION = YES;
				CLANG_WARN_COMMA = YES;
				CLANG_WARN_CONSTANT_CONVERSION = YES;
				CLANG_WARN_DEPRECATED_OBJC_IMPLEMENTATIONS = YES;
				CLANG_WARN_DIRECT_OBJC_ISA_USAGE = YES_ERROR;
				CLANG_WARN_DOCUMENTATION_COMMENTS = YES;
				CLANG_WARN_EMPTY_BODY = YES;
				CLANG_WARN_ENUM_CONVERSION = YES;
				CLANG_WARN_INFINITE_RECURSION = YES;
				CLANG_WARN_INT_CONVERSION = YES;
				CLANG_WARN_NON_LITERAL_NULL_CONVERSION = YES;
				CLANG_WARN_OBJC_IMPLICIT_RETAIN_SELF = YES;
				CLANG_WARN_OBJC_LITERAL_CONVERSION = YES;
				CLANG_WARN_OBJC_ROOT_CLASS = YES_ERROR;
				CLANG_WARN_QUOTED_INCLUDE_IN_FRAMEWORK_HEADER = YES;
				CLANG_WARN_RANGE_LOOP_ANALYSIS = YES;
				CLANG_WARN_STRICT_PROTOTYPES = YES;
				CLANG_WARN_SUSPICIOUS_MOVE = YES;
				CLANG_WARN_UNGUARDED_AVAILABILITY = YES_AGGRESSIVE;
				CLANG_WARN_UNREACHABLE_CODE = YES;
				CLANG_WARN__DUPLICATE_METHOD_MATCH = YES;
				COPY_PHASE_STRIP = NO;
				DEBUG_INFORMATION_FORMAT = "dwarf-with-dsym";
				ENABLE_NS_ASSERTIONS = NO;
				ENABLE_STRICT_OBJC_MSGSEND = YES;
				ENABLE_USER_SCRIPT_SANDBOXING = YES;
				GCC_C_LANGUAGE_STANDARD = gnu17;
				GCC_NO_COMMON_BLOCKS = YES;
				GCC_WARN_64_TO_32_BIT_CONVERSION = YES;
				GCC_WARN_ABOUT_RETURN_TYPE = YES_ERROR;
				GCC_WARN_UNDECLARED_SELECTOR = YES;
				GCC_WARN_UNINITIALIZED_AUTOS = YES_AGGRESSIVE;
				GCC_WARN_UNUSED_FUNCTION = YES;
				GCC_WARN_UNUSED_VARIABLE = YES;
				LOCALIZATION_PREFERS_STRING_CATALOGS = YES;
				MTL_ENABLE_DEBUG_INFO = NO;
				MTL_FAST_MATH = YES;
				SWIFT_COMPILATION_MODE = wholemodule;
			};
			name = Release;
		};
		E8626BD42F9F0C8000CB5B8B /* Debug */ = {
			isa = XCBuildConfiguration;
			buildSettings = {
				CODE_SIGN_STYLE = Automatic;
				CURRENT_PROJECT_VERSION = 1;
				DEVELOPMENT_TEAM = 2MU2RM2G27;
				GENERATE_INFOPLIST_FILE = YES;
				INFOPLIST_FILE = "iOS (Extension)/Info.plist";
				INFOPLIST_KEY_CFBundleDisplayName = "AxureScaleScreen Extension";
				INFOPLIST_KEY_NSHumanReadableCopyright = "";
				IPHONEOS_DEPLOYMENT_TARGET = 15.0;
				LD_RUNPATH_SEARCH_PATHS = (
					"$(inherited)",
					"@executable_path/Frameworks",
					"@executable_path/../../Frameworks",
				);
				MARKETING_VERSION = 1.0;
				OTHER_LDFLAGS = (
					"-framework",
					SafariServices,
				);
				PRODUCT_BUNDLE_IDENTIFIER = com.example.axurescalescreen.Extension;
				PRODUCT_NAME = "AxureScaleScreen Extension";
				SDKROOT = iphoneos;
				SKIP_INSTALL = YES;
				STRING_CATALOG_GENERATE_SYMBOLS = YES;
				SWIFT_APPROACHABLE_CONCURRENCY = YES;
				SWIFT_EMIT_LOC_STRINGS = YES;
				SWIFT_UPCOMING_FEATURE_MEMBER_IMPORT_VISIBILITY = YES;
				SWIFT_VERSION = 5.0;
				TARGETED_DEVICE_FAMILY = "1,2";
			};
			name = Debug;
		};
		E8626BD52F9F0C8000CB5B8B /* Release */ = {
			isa = XCBuildConfiguration;
			buildSettings = {
				CODE_SIGN_STYLE = Automatic;
				CURRENT_PROJECT_VERSION = 1;
				DEVELOPMENT_TEAM = 2MU2RM2G27;
				GENERATE_INFOPLIST_FILE = YES;
				INFOPLIST_FILE = "iOS (Extension)/Info.plist";
				INFOPLIST_KEY_CFBundleDisplayName = "AxureScaleScreen Extension";
				INFOPLIST_KEY_NSHumanReadableCopyright = "";
				IPHONEOS_DEPLOYMENT_TARGET = 15.0;
				LD_RUNPATH_SEARCH_PATHS = (
					"$(inherited)",
					"@executable_path/Frameworks",
					"@executable_path/../../Frameworks",
				);
				MARKETING_VERSION = 1.0;
				OTHER_LDFLAGS = (
					"-framework",
					SafariServices,
				);
				PRODUCT_BUNDLE_IDENTIFIER = com.example.axurescalescreen.Extension;
				PRODUCT_NAME = "AxureScaleScreen Extension";
				SDKROOT = iphoneos;
				SKIP_INSTALL = YES;
				STRING_CATALOG_GENERATE_SYMBOLS = YES;
				SWIFT_APPROACHABLE_CONCURRENCY = YES;
				SWIFT_EMIT_LOC_STRINGS = YES;
				SWIFT_UPCOMING_FEATURE_MEMBER_IMPORT_VISIBILITY = YES;
				SWIFT_VERSION = 5.0;
				TARGETED_DEVICE_FAMILY = "1,2";
				VALIDATE_PRODUCT = YES;
			};
			name = Release;
		};
		E8626BD82F9F0C8000CB5B8B /* Debug */ = {
			isa = XCBuildConfiguration;
			buildSettings = {
				ASSETCATALOG_COMPILER_APPICON_NAME = AppIcon;
				ASSETCATALOG_COMPILER_GLOBAL_ACCENT_COLOR_NAME = AccentColor;
				CODE_SIGN_STYLE = Automatic;
				CURRENT_PROJECT_VERSION = 1;
				DEVELOPMENT_TEAM = 2MU2RM2G27;
				GENERATE_INFOPLIST_FILE = YES;
				INFOPLIST_FILE = "iOS (App)/Info.plist";
				INFOPLIST_KEY_CFBundleDisplayName = AxureScaleScreen;
				INFOPLIST_KEY_UIApplicationSupportsIndirectInputEvents = YES;
				INFOPLIST_KEY_UILaunchStoryboardName = LaunchScreen;
				INFOPLIST_KEY_UIMainStoryboardFile = Main;
				INFOPLIST_KEY_UISupportedInterfaceOrientations = "UIInterfaceOrientationPortrait UIInterfaceOrientationLandscapeLeft UIInterfaceOrientationLandscapeRight";
				INFOPLIST_KEY_UISupportedInterfaceOrientations_iPad = "UIInterfaceOrientationPortrait UIInterfaceOrientationPortraitUpsideDown UIInterfaceOrientationLandscapeLeft UIInterfaceOrientationLandscapeRight";
				IPHONEOS_DEPLOYMENT_TARGET = 15.0;
				LD_RUNPATH_SEARCH_PATHS = (
					"$(inherited)",
					"@executable_path/Frameworks",
				);
				MARKETING_VERSION = 1.0;
				OTHER_LDFLAGS = (
					"-framework",
					SafariServices,
					"-framework",
					WebKit,
				);
				PRODUCT_BUNDLE_IDENTIFIER = com.example.axurescalescreen;
				PRODUCT_NAME = AxureScaleScreen;
				SDKROOT = iphoneos;
				STRING_CATALOG_GENERATE_SYMBOLS = YES;
				SWIFT_APPROACHABLE_CONCURRENCY = YES;
				SWIFT_DEFAULT_ACTOR_ISOLATION = MainActor;
				SWIFT_EMIT_LOC_STRINGS = YES;
				SWIFT_UPCOMING_FEATURE_MEMBER_IMPORT_VISIBILITY = YES;
				SWIFT_VERSION = 5.0;
				TARGETED_DEVICE_FAMILY = "1,2";
			};
			name = Debug;
		};
		E8626BD92F9F0C8000CB5B8B /* Release */ = {
			isa = XCBuildConfiguration;
			buildSettings = {
				ASSETCATALOG_COMPILER_APPICON_NAME = AppIcon;
				ASSETCATALOG_COMPILER_GLOBAL_ACCENT_COLOR_NAME = AccentColor;
				CODE_SIGN_STYLE = Automatic;
				CURRENT_PROJECT_VERSION = 1;
				DEVELOPMENT_TEAM = 2MU2RM2G27;
				GENERATE_INFOPLIST_FILE = YES;
				INFOPLIST_FILE = "iOS (App)/Info.plist";
				INFOPLIST_KEY_CFBundleDisplayName = AxureScaleScreen;
				INFOPLIST_KEY_UIApplicationSupportsIndirectInputEvents = YES;
				INFOPLIST_KEY_UILaunchStoryboardName = LaunchScreen;
				INFOPLIST_KEY_UIMainStoryboardFile = Main;
				INFOPLIST_KEY_UISupportedInterfaceOrientations = "UIInterfaceOrientationPortrait UIInterfaceOrientationLandscapeLeft UIInterfaceOrientationLandscapeRight";
				INFOPLIST_KEY_UISupportedInterfaceOrientations_iPad = "UIInterfaceOrientationPortrait UIInterfaceOrientationPortraitUpsideDown UIInterfaceOrientationLandscapeLeft UIInterfaceOrientationLandscapeRight";
				IPHONEOS_DEPLOYMENT_TARGET = 15.0;
				LD_RUNPATH_SEARCH_PATHS = (
					"$(inherited)",
					"@executable_path/Frameworks",
				);
				MARKETING_VERSION = 1.0;
				OTHER_LDFLAGS = (
					"-framework",
					SafariServices,
					"-framework",
					WebKit,
				);
				PRODUCT_BUNDLE_IDENTIFIER = com.example.axurescalescreen;
				PRODUCT_NAME = AxureScaleScreen;
				SDKROOT = iphoneos;
				STRING_CATALOG_GENERATE_SYMBOLS = YES;
				SWIFT_APPROACHABLE_CONCURRENCY = YES;
				SWIFT_DEFAULT_ACTOR_ISOLATION = MainActor;
				SWIFT_EMIT_LOC_STRINGS = YES;
				SWIFT_UPCOMING_FEATURE_MEMBER_IMPORT_VISIBILITY = YES;
				SWIFT_VERSION = 5.0;
				TARGETED_DEVICE_FAMILY = "1,2";
				VALIDATE_PRODUCT = YES;
			};
			name = Release;
		};
		E8626BDB2F9F0C8000CB5B8B /* Debug */ = {
			isa = XCBuildConfiguration;
			buildSettings = {
				CODE_SIGN_STYLE = Automatic;
				CURRENT_PROJECT_VERSION = 1;
				DEVELOPMENT_TEAM = 2MU2RM2G27;
				ENABLE_APP_SANDBOX = YES;
				ENABLE_HARDENED_RUNTIME = YES;
				ENABLE_USER_SELECTED_FILES = readonly;
				GENERATE_INFOPLIST_FILE = YES;
				INFOPLIST_FILE = "macOS (Extension)/Info.plist";
				INFOPLIST_KEY_CFBundleDisplayName = "AxureScaleScreen Extension";
				INFOPLIST_KEY_NSHumanReadableCopyright = "";
				LD_RUNPATH_SEARCH_PATHS = (
					"$(inherited)",
					"@executable_path/../Frameworks",
					"@executable_path/../../../../Frameworks",
				);
				MACOSX_DEPLOYMENT_TARGET = 10.14;
				MARKETING_VERSION = 1.0;
				OTHER_LDFLAGS = (
					"-framework",
					SafariServices,
				);
				PRODUCT_BUNDLE_IDENTIFIER = com.example.axurescalescreen.Extension;
				PRODUCT_NAME = "AxureScaleScreen Extension";
				SDKROOT = macosx;
				SKIP_INSTALL = YES;
				STRING_CATALOG_GENERATE_SYMBOLS = YES;
				SWIFT_APPROACHABLE_CONCURRENCY = YES;
				SWIFT_EMIT_LOC_STRINGS = YES;
				SWIFT_UPCOMING_FEATURE_MEMBER_IMPORT_VISIBILITY = YES;
				SWIFT_VERSION = 5.0;
			};
			name = Debug;
		};
		E8626BDC2F9F0C8000CB5B8B /* Release */ = {
			isa = XCBuildConfiguration;
			buildSettings = {
				CODE_SIGN_STYLE = Automatic;
				CURRENT_PROJECT_VERSION = 1;
				DEVELOPMENT_TEAM = 2MU2RM2G27;
				ENABLE_APP_SANDBOX = YES;
				ENABLE_HARDENED_RUNTIME = YES;
				ENABLE_USER_SELECTED_FILES = readonly;
				GENERATE_INFOPLIST_FILE = YES;
				INFOPLIST_FILE = "macOS (Extension)/Info.plist";
				INFOPLIST_KEY_CFBundleDisplayName = "AxureScaleScreen Extension";
				INFOPLIST_KEY_NSHumanReadableCopyright = "";
				LD_RUNPATH_SEARCH_PATHS = (
					"$(inherited)",
					"@executable_path/../Frameworks",
					"@executable_path/../../../../Frameworks",
				);
				MACOSX_DEPLOYMENT_TARGET = 10.14;
				MARKETING_VERSION = 1.0;
				OTHER_LDFLAGS = (
					"-framework",
					SafariServices,
				);
				PRODUCT_BUNDLE_IDENTIFIER = com.example.axurescalescreen.Extension;
				PRODUCT_NAME = "AxureScaleScreen Extension";
				SDKROOT = macosx;
				SKIP_INSTALL = YES;
				STRING_CATALOG_GENERATE_SYMBOLS = YES;
				SWIFT_APPROACHABLE_CONCURRENCY = YES;
				SWIFT_EMIT_LOC_STRINGS = YES;
				SWIFT_UPCOMING_FEATURE_MEMBER_IMPORT_VISIBILITY = YES;
				SWIFT_VERSION = 5.0;
			};
			name = Release;
		};
		E8626BDF2F9F0C8000CB5B8B /* Debug */ = {
			isa = XCBuildConfiguration;
			buildSettings = {
				ASSETCATALOG_COMPILER_APPICON_NAME = AppIcon;
				ASSETCATALOG_COMPILER_GLOBAL_ACCENT_COLOR_NAME = AccentColor;
				CODE_SIGN_STYLE = Automatic;
				CURRENT_PROJECT_VERSION = 1;
				DEVELOPMENT_TEAM = 2MU2RM2G27;
				ENABLE_APP_SANDBOX = YES;
				ENABLE_HARDENED_RUNTIME = YES;
				ENABLE_OUTGOING_NETWORK_CONNECTIONS = YES;
				ENABLE_USER_SELECTED_FILES = readonly;
				GENERATE_INFOPLIST_FILE = YES;
				INFOPLIST_FILE = "macOS (App)/Info.plist";
				INFOPLIST_KEY_CFBundleDisplayName = AxureScaleScreen;
				INFOPLIST_KEY_NSMainStoryboardFile = Main;
				INFOPLIST_KEY_NSPrincipalClass = NSApplication;
				LD_RUNPATH_SEARCH_PATHS = (
					"$(inherited)",
					"@executable_path/../Frameworks",
				);
				MACOSX_DEPLOYMENT_TARGET = 10.14;
				MARKETING_VERSION = 1.0;
				OTHER_LDFLAGS = (
					"-framework",
					SafariServices,
					"-framework",
					WebKit,
				);
				PRODUCT_BUNDLE_IDENTIFIER = com.example.axurescalescreen;
				PRODUCT_NAME = AxureScaleScreen;
				REGISTER_APP_GROUPS = YES;
				SDKROOT = macosx;
				STRING_CATALOG_GENERATE_SYMBOLS = YES;
				SWIFT_APPROACHABLE_CONCURRENCY = YES;
				SWIFT_DEFAULT_ACTOR_ISOLATION = MainActor;
				SWIFT_EMIT_LOC_STRINGS = YES;
				SWIFT_UPCOMING_FEATURE_MEMBER_IMPORT_VISIBILITY = YES;
				SWIFT_VERSION = 5.0;
			};
			name = Debug;
		};
		E8626BE02F9F0C8000CB5B8B /* Release */ = {
			isa = XCBuildConfiguration;
			buildSettings = {
				ASSETCATALOG_COMPILER_APPICON_NAME = AppIcon;
				ASSETCATALOG_COMPILER_GLOBAL_ACCENT_COLOR_NAME = AccentColor;
				CODE_SIGN_STYLE = Automatic;
				CURRENT_PROJECT_VERSION = 1;
				DEVELOPMENT_TEAM = 2MU2RM2G27;
				ENABLE_APP_SANDBOX = YES;
				ENABLE_HARDENED_RUNTIME = YES;
				ENABLE_OUTGOING_NETWORK_CONNECTIONS = YES;
				ENABLE_USER_SELECTED_FILES = readonly;
				GENERATE_INFOPLIST_FILE = YES;
				INFOPLIST_FILE = "macOS (App)/Info.plist";
				INFOPLIST_KEY_CFBundleDisplayName = AxureScaleScreen;
				INFOPLIST_KEY_NSMainStoryboardFile = Main;
				INFOPLIST_KEY_NSPrincipalClass = NSApplication;
				LD_RUNPATH_SEARCH_PATHS = (
					"$(inherited)",
					"@executable_path/../Frameworks",
				);
				MACOSX_DEPLOYMENT_TARGET = 10.14;
				MARKETING_VERSION = 1.0;
				OTHER_LDFLAGS = (
					"-framework",
					SafariServices,
					"-framework",
					WebKit,
				);
				PRODUCT_BUNDLE_IDENTIFIER = com.example.axurescalescreen;
				PRODUCT_NAME = AxureScaleScreen;
				REGISTER_APP_GROUPS = YES;
				SDKROOT = macosx;
				STRING_CATALOG_GENERATE_SYMBOLS = YES;
				SWIFT_APPROACHABLE_CONCURRENCY = YES;
				SWIFT_DEFAULT_ACTOR_ISOLATION = MainActor;
				SWIFT_EMIT_LOC_STRINGS = YES;
				SWIFT_UPCOMING_FEATURE_MEMBER_IMPORT_VISIBILITY = YES;
				SWIFT_VERSION = 5.0;
			};
			name = Release;
		};
/* End XCBuildConfiguration section */

/* Begin XCConfigurationList section */
		E8626B852F9F0C7E00CB5B8B /* Build configuration list for PBXProject "AxureScaleScreen" */ = {
			isa = XCConfigurationList;
			buildConfigurations = (
				E8626BD12F9F0C8000CB5B8B /* Debug */,
				E8626BD22F9F0C8000CB5B8B /* Release */,
			);
			defaultConfigurationIsVisible = 0;
			defaultConfigurationName = Release;
		};
		E8626BD32F9F0C8000CB5B8B /* Build configuration list for PBXNativeTarget "AxureScaleScreen Extension (iOS)" */ = {
			isa = XCConfigurationList;
			buildConfigurations = (
				E8626BD42F9F0C8000CB5B8B /* Debug */,
				E8626BD52F9F0C8000CB5B8B /* Release */,
			);
			defaultConfigurationIsVisible = 0;
			defaultConfigurationName = Release;
		};
		E8626BD72F9F0C8000CB5B8B /* Build configuration list for PBXNativeTarget "AxureScaleScreen (iOS)" */ = {
			isa = XCConfigurationList;
			buildConfigurations = (
				E8626BD82F9F0C8000CB5B8B /* Debug */,
				E8626BD92F9F0C8000CB5B8B /* Release */,
			);
			defaultConfigurationIsVisible = 0;
			defaultConfigurationName = Release;
		};
		E8626BDA2F9F0C8000CB5B8B /* Build configuration list for PBXNativeTarget "AxureScaleScreen Extension (macOS)" */ = {
			isa = XCConfigurationList;
			buildConfigurations = (
				E8626BDB2F9F0C8000CB5B8B /* Debug */,
				E8626BDC2F9F0C8000CB5B8B /* Release */,
			);
			defaultConfigurationIsVisible = 0;
			defaultConfigurationName = Release;
		};
		E8626BDE2F9F0C8000CB5B8B /* Build configuration list for PBXNativeTarget "AxureScaleScreen (macOS)" */ = {
			isa = XCConfigurationList;
			buildConfigurations = (
				E8626BDF2F9F0C8000CB5B8B /* Debug */,
				E8626BE02F9F0C8000CB5B8B /* Release */,
			);
			defaultConfigurationIsVisible = 0;
			defaultConfigurationName = Release;
		};
/* End XCConfigurationList section */
	};
	rootObject = E8626B822F9F0C7E00CB5B8B /* Project object */;
}
