// !$*UTF8*$!
{
	archiveVersion = 1;
	classes = {
	};
	objectVersion = 77;
	objects = {

/* Begin PBXBuildFile section */
		E842EA312F3AD7B6002D75C3 /* AppDelegate.swift in Sources */ = {isa = PBXBuildFile; fileRef = E842EA302F3AD7B6002D75C3 /* AppDelegate.swift */; };
		E842EA332F3AD7B6002D75C3 /* SceneDelegate.swift in Sources */ = {isa = PBXBuildFile; fileRef = E842EA322F3AD7B6002D75C3 /* SceneDelegate.swift */; };
		E842EA362F3AD7B6002D75C3 /* LaunchScreen.storyboard in Resources */ = {isa = PBXBuildFile; fileRef = E842EA342F3AD7B6002D75C3 /* LaunchScreen.storyboard */; };
		E842EA392F3AD7B6002D75C3 /* Main.storyboard in Resources */ = {isa = PBXBuildFile; fileRef = E842EA372F3AD7B6002D75C3 /* Main.storyboard */; };
		E842EA422F3AD7B6002D75C3 /* AppDelegate.swift in Sources */ = {isa = PBXBuildFile; fileRef = E842EA412F3AD7B6002D75C3 /* AppDelegate.swift */; };
		E842EA452F3AD7B6002D75C3 /* Main.storyboard in Resources */ = {isa = PBXBuildFile; fileRef = E842EA432F3AD7B6002D75C3 /* Main.storyboard */; };
		E842EA4C2F3AD7B6002D75C3 /* AxureScaleScreen Extension.appex in Embed Foundation Extensions */ = {isa = PBXBuildFile; fileRef = E842EA4B2F3AD7B6002D75C3 /* AxureScaleScreen Extension.appex */; settings = {ATTRIBUTES = (RemoveHeadersOnCopy, ); }; };
		E842EA562F3AD7B6002D75C3 /* AxureScaleScreen Extension.appex in Embed Foundation Extensions */ = {isa = PBXBuildFile; fileRef = E842EA552F3AD7B6002D75C3 /* AxureScaleScreen Extension.appex */; settings = {ATTRIBUTES = (RemoveHeadersOnCopy, ); }; };
		E842EA5B2F3AD7B6002D75C3 /* Main.html in Resources */ = {isa = PBXBuildFile; fileRef = E842EA202F3AD7B5002D75C3 /* Main.html */; };
		E842EA5C2F3AD7B6002D75C3 /* Main.html in Resources */ = {isa = PBXBuildFile; fileRef = E842EA202F3AD7B5002D75C3 /* Main.html */; };
		E842EA5D2F3AD7B6002D75C3 /* Icon.png in Resources */ = {isa = PBXBuildFile; fileRef = E842EA222F3AD7B5002D75C3 /* Icon.png */; };
		E842EA5E2F3AD7B6002D75C3 /* Icon.png in Resources */ = {isa = PBXBuildFile; fileRef = E842EA222F3AD7B5002D75C3 /* Icon.png */; };
		E842EA5F2F3AD7B6002D75C3 /* Style.css in Resources */ = {isa = PBXBuildFile; fileRef = E842EA232F3AD7B5002D75C3 /* Style.css */; };
		E842EA602F3AD7B6002D75C3 /* Style.css in Resources */ = {isa = PBXBuildFile; fileRef = E842EA232F3AD7B5002D75C3 /* Style.css */; };
		E842EA612F3AD7B6002D75C3 /* Script.js in Resources */ = {isa = PBXBuildFile; fileRef = E842EA242F3AD7B5002D75C3 /* Script.js */; };
		E842EA622F3AD7B6002D75C3 /* Script.js in Resources */ = {isa = PBXBuildFile; fileRef = E842EA242F3AD7B5002D75C3 /* Script.js */; };
		E842EA632F3AD7B6002D75C3 /* ViewController.swift in Sources */ = {isa = PBXBuildFile; fileRef = E842EA252F3AD7B5002D75C3 /* ViewController.swift */; };
		E842EA642F3AD7B6002D75C3 /* ViewController.swift in Sources */ = {isa = PBXBuildFile; fileRef = E842EA252F3AD7B5002D75C3 /* ViewController.swift */; };
		E842EA652F3AD7B6002D75C3 /* Assets.xcassets in Resources */ = {isa = PBXBuildFile; fileRef = E842EA262F3AD7B6002D75C3 /* Assets.xcassets */; };
		E842EA662F3AD7B6002D75C3 /* Assets.xcassets in Resources */ = {isa = PBXBuildFile; fileRef = E842EA262F3AD7B6002D75C3 /* Assets.xcassets */; };
		E842EA672F3AD7B6002D75C3 /* SafariWebExtensionHandler.swift in Sources */ = {isa = PBXBuildFile; fileRef = E842EA282F3AD7B6002D75C3 /* SafariWebExtensionHandler.swift */; };
		E842EA682F3AD7B6002D75C3 /* SafariWebExtensionHandler.swift in Sources */ = {isa = PBXBuildFile; fileRef = E842EA282F3AD7B6002D75C3 /* SafariWebExtensionHandler.swift */; };
		E842EA7F2F3AD7B6002D75C3 /* background.js in Resources */ = {isa = PBXBuildFile; fileRef = E842EA7A2F3AD7B6002D75C3 /* background.js */; };
		E842EA802F3AD7B6002D75C3 /* manifest.json in Resources */ = {isa = PBXBuildFile; fileRef = E842EA7B2F3AD7B6002D75C3 /* manifest.json */; };
		E842EA812F3AD7B6002D75C3 /* content.js in Resources */ = {isa = PBXBuildFile; fileRef = E842EA7C2F3AD7B6002D75C3 /* content.js */; };
		E842EA822F3AD7B6002D75C3 /* assets in Resources */ = {isa = PBXBuildFile; fileRef = E842EA7D2F3AD7B6002D75C3 /* assets */; };
		E842EA832F3AD7B6002D75C3 /* src in Resources */ = {isa = PBXBuildFile; fileRef = E842EA7E2F3AD7B6002D75C3 /* src */; };
		E842EA842F3AD7B6002D75C3 /* background.js in Resources */ = {isa = PBXBuildFile; fileRef = E842EA7A2F3AD7B6002D75C3 /* background.js */; };
		E842EA852F3AD7B6002D75C3 /* manifest.json in Resources */ = {isa = PBXBuildFile; fileRef = E842EA7B2F3AD7B6002D75C3 /* manifest.json */; };
		E842EA862F3AD7B6002D75C3 /* content.js in Resources */ = {isa = PBXBuildFile; fileRef = E842EA7C2F3AD7B6002D75C3 /* content.js */; };
		E842EA872F3AD7B6002D75C3 /* assets in Resources */ = {isa = PBXBuildFile; fileRef = E842EA7D2F3AD7B6002D75C3 /* assets */; };
		E842EA882F3AD7B6002D75C3 /* src in Resources */ = {isa = PBXBuildFile; fileRef = E842EA7E2F3AD7B6002D75C3 /* src */; };
/* End PBXBuildFile section */

/* Begin PBXContainerItemProxy section */
		E842EA4D2F3AD7B6002D75C3 /* PBXContainerItemProxy */ = {
			isa = PBXContainerItemProxy;
			containerPortal = E842EA1A2F3AD7B5002D75C3 /* Project object */;
			proxyType = 1;
			remoteGlobalIDString = E842EA4A2F3AD7B6002D75C3;
			remoteInfo = "AxureScaleScreen Extension (iOS)";
		};
		E842EA572F3AD7B6002D75C3 /* PBXContainerItemProxy */ = {
			isa = PBXContainerItemProxy;
			containerPortal = E842EA1A2F3AD7B5002D75C3 /* Project object */;
			proxyType = 1;
			remoteGlobalIDString = E842EA542F3AD7B6002D75C3;
			remoteInfo = "AxureScaleScreen Extension (macOS)";
		};
/* End PBXContainerItemProxy section */

/* Begin PBXCopyFilesBuildPhase section */
		E842EA6E2F3AD7B6002D75C3 /* Embed Foundation Extensions */ = {
			isa = PBXCopyFilesBuildPhase;
			buildActionMask = 2147483647;
			dstPath = "";
			dstSubfolderSpec = 13;
			files = (
				E842EA4C2F3AD7B6002D75C3 /* AxureScaleScreen Extension.appex in Embed Foundation Extensions */,
			);
			name = "Embed Foundation Extensions";
			runOnlyForDeploymentPostprocessing = 0;
		};
		E842EA752F3AD7B6002D75C3 /* Embed Foundation Extensions */ = {
			isa = PBXCopyFilesBuildPhase;
			buildActionMask = 2147483647;
			dstPath = "";
			dstSubfolderSpec = 13;
			files = (
				E842EA562F3AD7B6002D75C3 /* AxureScaleScreen Extension.appex in Embed Foundation Extensions */,
			);
			name = "Embed Foundation Extensions";
			runOnlyForDeploymentPostprocessing = 0;
		};
/* End PBXCopyFilesBuildPhase section */

/* Begin PBXFileReference section */
		E842EA212F3AD7B5002D75C3 /* Base */ = {isa = PBXFileReference; lastKnownFileType = text.html; name = Base; path = Base.lproj/Main.html; sourceTree = "<group>"; };
		E842EA222F3AD7B5002D75C3 /* Icon.png */ = {isa = PBXFileReference; lastKnownFileType = image.png; path = Icon.png; sourceTree = "<group>"; };
		E842EA232F3AD7B5002D75C3 /* Style.css */ = {isa = PBXFileReference; lastKnownFileType = text.css; path = Style.css; sourceTree = "<group>"; };
		E842EA242F3AD7B5002D75C3 /* Script.js */ = {isa = PBXFileReference; lastKnownFileType = sourcecode.javascript; path = Script.js; sourceTree = "<group>"; };
		E842EA252F3AD7B5002D75C3 /* ViewController.swift */ = {isa = PBXFileReference; lastKnownFileType = sourcecode.swift; path = ViewController.swift; sourceTree = "<group>"; };
		E842EA262F3AD7B6002D75C3 /* Assets.xcassets */ = {isa = PBXFileReference; lastKnownFileType = folder.assetcatalog; path = Assets.xcassets; sourceTree = "<group>"; };
		E842EA282F3AD7B6002D75C3 /* SafariWebExtensionHandler.swift */ = {isa = PBXFileReference; lastKnownFileType = sourcecode.swift; path = SafariWebExtensionHandler.swift; sourceTree = "<group>"; };
		E842EA2D2F3AD7B6002D75C3 /* AxureScaleScreen.app */ = {isa = PBXFileReference; explicitFileType = wrapper.application; includeInIndex = 0; path = AxureScaleScreen.app; sourceTree = BUILT_PRODUCTS_DIR; };
		E842EA302F3AD7B6002D75C3 /* AppDelegate.swift */ = {isa = PBXFileReference; lastKnownFileType = sourcecode.swift; path = AppDelegate.swift; sourceTree = "<group>"; };
		E842EA322F3AD7B6002D75C3 /* SceneDelegate.swift */ = {isa = PBXFileReference; lastKnownFileType = sourcecode.swift; path = SceneDelegate.swift; sourceTree = "<group>"; };
		E842EA352F3AD7B6002D75C3 /* Base */ = {isa = PBXFileReference; lastKnownFileType = file.storyboard; name = Base; path = Base.lproj/LaunchScreen.storyboard; sourceTree = "<group>"; };
		E842EA382F3AD7B6002D75C3 /* Base */ = {isa = PBXFileReference; lastKnownFileType = file.storyboard; name = Base; path = Base.lproj/Main.storyboard; sourceTree = "<group>"; };
		E842EA3A2F3AD7B6002D75C3 /* Info.plist */ = {isa = PBXFileReference; lastKnownFileType = text.plist.xml; path = Info.plist; sourceTree = "<group>"; };
		E842EA3F2F3AD7B6002D75C3 /* AxureScaleScreen.app */ = {isa = PBXFileReference; explicitFileType = wrapper.application; includeInIndex = 0; path = AxureScaleScreen.app; sourceTree = BUILT_PRODUCTS_DIR; };
		E842EA412F3AD7B6002D75C3 /* AppDelegate.swift */ = {isa = PBXFileReference; lastKnownFileType = sourcecode.swift; path = AppDelegate.swift; sourceTree = "<group>"; };
		E842EA442F3AD7B6002D75C3 /* Base */ = {isa = PBXFileReference; lastKnownFileType = file.storyboard; name = Base; path = Base.lproj/Main.storyboard; sourceTree = "<group>"; };
		E842EA462F3AD7B6002D75C3 /* Info.plist */ = {isa = PBXFileReference; lastKnownFileType = text.plist.xml; path = Info.plist; sourceTree = "<group>"; };
		E842EA4B2F3AD7B6002D75C3 /* AxureScaleScreen Extension.appex */ = {isa = PBXFileReference; explicitFileType = "wrapper.app-extension"; includeInIndex = 0; path = "AxureScaleScreen Extension.appex"; sourceTree = BUILT_PRODUCTS_DIR; };
		E842EA502F3AD7B6002D75C3 /* Info.plist */ = {isa = PBXFileReference; lastKnownFileType = text.plist.xml; path = Info.plist; sourceTree = "<group>"; };
		E842EA552F3AD7B6002D75C3 /* AxureScaleScreen Extension.appex */ = {isa = PBXFileReference; explicitFileType = "wrapper.app-extension"; includeInIndex = 0; path = "AxureScaleScreen Extension.appex"; sourceTree = BUILT_PRODUCTS_DIR; };
		E842EA5A2F3AD7B6002D75C3 /* Info.plist */ = {isa = PBXFileReference; lastKnownFileType = text.plist.xml; path = Info.plist; sourceTree = "<group>"; };
		E842EA7A2F3AD7B6002D75C3 /* background.js */ = {isa = PBXFileReference; lastKnownFileType = sourcecode.javascript; name = background.js; path = ../../../dist/background.js; sourceTree = "<group>"; };
		E842EA7B2F3AD7B6002D75C3 /* manifest.json */ = {isa = PBXFileReference; lastKnownFileType = text.json; name = manifest.json; path = ../../../dist/manifest.json; sourceTree = "<group>"; };
		E842EA7C2F3AD7B6002D75C3 /* content.js */ = {isa = PBXFileReference; lastKnownFileType = sourcecode.javascript; name = content.js; path = ../../../dist/content.js; sourceTree = "<group>"; };
		E842EA7D2F3AD7B6002D75C3 /* assets */ = {isa = PBXFileReference; lastKnownFileType = folder; name = assets; path = ../../../dist/assets; sourceTree = "<group>"; };
		E842EA7E2F3AD7B6002D75C3 /* src */ = {isa = PBXFileReference; lastKnownFileType = folder; name = src; path = ../../../dist/src; sourceTree = "<group>"; };
/* End PBXFileReference section */

/* Begin PBXFrameworksBuildPhase section */
		E842EA2A2F3AD7B6002D75C3 /* Frameworks */ = {
			isa = PBXFrameworksBuildPhase;
			buildActionMask = 2147483647;
			files = (
			);
			runOnlyForDeploymentPostprocessing = 0;
		};
		E842EA3C2F3AD7B6002D75C3 /* Frameworks */ = {
			isa = PBXFrameworksBuildPhase;
			buildActionMask = 2147483647;
			files = (
			);
			runOnlyForDeploymentPostprocessing = 0;
		};
		E842EA482F3AD7B6002D75C3 /* Frameworks */ = {
			isa = PBXFrameworksBuildPhase;
			buildActionMask = 2147483647;
			files = (
			);
			runOnlyForDeploymentPostprocessing = 0;
		};
		E842EA522F3AD7B6002D75C3 /* Frameworks */ = {
			isa = PBXFrameworksBuildPhase;
			buildActionMask = 2147483647;
			files = (
			);
			runOnlyForDeploymentPostprocessing = 0;
		};
/* End PBXFrameworksBuildPhase section */

/* Begin PBXGroup section */
		E842EA192F3AD7B5002D75C3 = {
			isa = PBXGroup;
			children = (
				E842EA1E2F3AD7B5002D75C3 /* Shared (App) */,
				E842EA272F3AD7B6002D75C3 /* Shared (Extension) */,
				E842EA2F2F3AD7B6002D75C3 /* iOS (App) */,
				E842EA402F3AD7B6002D75C3 /* macOS (App) */,
				E842EA4F2F3AD7B6002D75C3 /* iOS (Extension) */,
				E842EA592F3AD7B6002D75C3 /* macOS (Extension) */,
				E842EA2E2F3AD7B6002D75C3 /* Products */,
			);
			sourceTree = "<group>";
		};
		E842EA1E2F3AD7B5002D75C3 /* Shared (App) */ = {
			isa = PBXGroup;
			children = (
				E842EA252F3AD7B5002D75C3 /* ViewController.swift */,
				E842EA262F3AD7B6002D75C3 /* Assets.xcassets */,
				E842EA1F2F3AD7B5002D75C3 /* Resources */,
			);
			path = "Shared (App)";
			sourceTree = "<group>";
		};
		E842EA1F2F3AD7B5002D75C3 /* Resources */ = {
			isa = PBXGroup;
			children = (
				E842EA202F3AD7B5002D75C3 /* Main.html */,
				E842EA222F3AD7B5002D75C3 /* Icon.png */,
				E842EA232F3AD7B5002D75C3 /* Style.css */,
				E842EA242F3AD7B5002D75C3 /* Script.js */,
			);
			path = Resources;
			sourceTree = "<group>";
		};
		E842EA272F3AD7B6002D75C3 /* Shared (Extension) */ = {
			isa = PBXGroup;
			children = (
				E842EA792F3AD7B6002D75C3 /* Resources */,
				E842EA282F3AD7B6002D75C3 /* SafariWebExtensionHandler.swift */,
			);
			path = "Shared (Extension)";
			sourceTree = "<group>";
		};
		E842EA2E2F3AD7B6002D75C3 /* Products */ = {
			isa = PBXGroup;
			children = (
				E842EA2D2F3AD7B6002D75C3 /* AxureScaleScreen.app */,
				E842EA3F2F3AD7B6002D75C3 /* AxureScaleScreen.app */,
				E842EA4B2F3AD7B6002D75C3 /* AxureScaleScreen Extension.appex */,
				E842EA552F3AD7B6002D75C3 /* AxureScaleScreen Extension.appex */,
			);
			name = Products;
			sourceTree = "<group>";
		};
		E842EA2F2F3AD7B6002D75C3 /* iOS (App) */ = {
			isa = PBXGroup;
			children = (
				E842EA302F3AD7B6002D75C3 /* AppDelegate.swift */,
				E842EA322F3AD7B6002D75C3 /* SceneDelegate.swift */,
				E842EA342F3AD7B6002D75C3 /* LaunchScreen.storyboard */,
				E842EA372F3AD7B6002D75C3 /* Main.storyboard */,
				E842EA3A2F3AD7B6002D75C3 /* Info.plist */,
			);
			path = "iOS (App)";
			sourceTree = "<group>";
		};
		E842EA402F3AD7B6002D75C3 /* macOS (App) */ = {
			isa = PBXGroup;
			children = (
				E842EA412F3AD7B6002D75C3 /* AppDelegate.swift */,
				E842EA432F3AD7B6002D75C3 /* Main.storyboard */,
				E842EA462F3AD7B6002D75C3 /* Info.plist */,
			);
			path = "macOS (App)";
			sourceTree = "<group>";
		};
		E842EA4F2F3AD7B6002D75C3 /* iOS (Extension) */ = {
			isa = PBXGroup;
			children = (
				E842EA502F3AD7B6002D75C3 /* Info.plist */,
			);
			path = "iOS (Extension)";
			sourceTree = "<group>";
		};
		E842EA592F3AD7B6002D75C3 /* macOS (Extension) */ = {
			isa = PBXGroup;
			children = (
				E842EA5A2F3AD7B6002D75C3 /* Info.plist */,
			);
			path = "macOS (Extension)";
			sourceTree = "<group>";
		};
		E842EA792F3AD7B6002D75C3 /* Resources */ = {
			isa = PBXGroup;
			children = (
				E842EA7A2F3AD7B6002D75C3 /* background.js */,
				E842EA7B2F3AD7B6002D75C3 /* manifest.json */,
				E842EA7C2F3AD7B6002D75C3 /* content.js */,
				E842EA7D2F3AD7B6002D75C3 /* assets */,
				E842EA7E2F3AD7B6002D75C3 /* src */,
			);
			name = Resources;
			path = "Shared (Extension)";
			sourceTree = SOURCE_ROOT;
		};
/* End PBXGroup section */

/* Begin PBXNativeTarget section */
		E842EA2C2F3AD7B6002D75C3 /* AxureScaleScreen (iOS) */ = {
			isa = PBXNativeTarget;
			buildConfigurationList = E842EA6F2F3AD7B6002D75C3 /* Build configuration list for PBXNativeTarget "AxureScaleScreen (iOS)" */;
			buildPhases = (
				E842EA292F3AD7B6002D75C3 /* Sources */,
				E842EA2A2F3AD7B6002D75C3 /* Frameworks */,
				E842EA2B2F3AD7B6002D75C3 /* Resources */,
				E842EA6E2F3AD7B6002D75C3 /* Embed Foundation Extensions */,
			);
			buildRules = (
			);
			dependencies = (
				E842EA4E2F3AD7B6002D75C3 /* PBXTargetDependency */,
			);
			name = "AxureScaleScreen (iOS)";
			packageProductDependencies = (
			);
			productName = "AxureScaleScreen (iOS)";
			productReference = E842EA2D2F3AD7B6002D75C3 /* AxureScaleScreen.app */;
			productType = "com.apple.product-type.application";
		};
		E842EA3E2F3AD7B6002D75C3 /* AxureScaleScreen (macOS) */ = {
			isa = PBXNativeTarget;
			buildConfigurationList = E842EA762F3AD7B6002D75C3 /* Build configuration list for PBXNativeTarget "AxureScaleScreen (macOS)" */;
			buildPhases = (
				E842EA3B2F3AD7B6002D75C3 /* Sources */,
				E842EA3C2F3AD7B6002D75C3 /* Frameworks */,
				E842EA3D2F3AD7B6002D75C3 /* Resources */,
				E842EA752F3AD7B6002D75C3 /* Embed Foundation Extensions */,
			);
			buildRules = (
			);
			dependencies = (
				E842EA582F3AD7B6002D75C3 /* PBXTargetDependency */,
			);
			name = "AxureScaleScreen (macOS)";
			packageProductDependencies = (
			);
			productName = "AxureScaleScreen (macOS)";
			productReference = E842EA3F2F3AD7B6002D75C3 /* AxureScaleScreen.app */;
			productType = "com.apple.product-type.application";
		};
		E842EA4A2F3AD7B6002D75C3 /* AxureScaleScreen Extension (iOS) */ = {
			isa = PBXNativeTarget;
			buildConfigurationList = E842EA6B2F3AD7B6002D75C3 /* Build configuration list for PBXNativeTarget "AxureScaleScreen Extension (iOS)" */;
			buildPhases = (
				E842EA472F3AD7B6002D75C3 /* Sources */,
				E842EA482F3AD7B6002D75C3 /* Frameworks */,
				E842EA492F3AD7B6002D75C3 /* Resources */,
			);
			buildRules = (
			);
			dependencies = (
			);
			name = "AxureScaleScreen Extension (iOS)";
			packageProductDependencies = (
			);
			productName = "AxureScaleScreen Extension (iOS)";
			productReference = E842EA4B2F3AD7B6002D75C3 /* AxureScaleScreen Extension.appex */;
			productType = "com.apple.product-type.app-extension";
		};
		E842EA542F3AD7B6002D75C3 /* AxureScaleScreen Extension (macOS) */ = {
			isa = PBXNativeTarget;
			buildConfigurationList = E842EA722F3AD7B6002D75C3 /* Build configuration list for PBXNativeTarget "AxureScaleScreen Extension (macOS)" */;
			buildPhases = (
				E842EA512F3AD7B6002D75C3 /* Sources */,
				E842EA522F3AD7B6002D75C3 /* Frameworks */,
				E842EA532F3AD7B6002D75C3 /* Resources */,
			);
			buildRules = (
			);
			dependencies = (
			);
			name = "AxureScaleScreen Extension (macOS)";
			packageProductDependencies = (
			);
			productName = "AxureScaleScreen Extension (macOS)";
			productReference = E842EA552F3AD7B6002D75C3 /* AxureScaleScreen Extension.appex */;
			productType = "com.apple.product-type.app-extension";
		};
/* End PBXNativeTarget section */

/* Begin PBXProject section */
		E842EA1A2F3AD7B5002D75C3 /* Project object */ = {
			isa = PBXProject;
			attributes = {
				BuildIndependentTargetsInParallel = 1;
				LastSwiftUpdateCheck = 2620;
				LastUpgradeCheck = 2620;
				TargetAttributes = {
					E842EA2C2F3AD7B6002D75C3 = {
						CreatedOnToolsVersion = 26.2;
					};
					E842EA3E2F3AD7B6002D75C3 = {
						CreatedOnToolsVersion = 26.2;
					};
					E842EA4A2F3AD7B6002D75C3 = {
						CreatedOnToolsVersion = 26.2;
					};
					E842EA542F3AD7B6002D75C3 = {
						CreatedOnToolsVersion = 26.2;
					};
				};
			};
			buildConfigurationList = E842EA1D2F3AD7B5002D75C3 /* Build configuration list for PBXProject "AxureScaleScreen" */;
			developmentRegion = en;
			hasScannedForEncodings = 0;
			knownRegions = (
				en,
				Base,
			);
			mainGroup = E842EA192F3AD7B5002D75C3;
			minimizedProjectReferenceProxies = 1;
			preferredProjectObjectVersion = 77;
			productRefGroup = E842EA2E2F3AD7B6002D75C3 /* Products */;
			projectDirPath = "";
			projectRoot = "";
			targets = (
				E842EA2C2F3AD7B6002D75C3 /* AxureScaleScreen (iOS) */,
				E842EA3E2F3AD7B6002D75C3 /* AxureScaleScreen (macOS) */,
				E842EA4A2F3AD7B6002D75C3 /* AxureScaleScreen Extension (iOS) */,
				E842EA542F3AD7B6002D75C3 /* AxureScaleScreen Extension (macOS) */,
			);
		};
/* End PBXProject section */

/* Begin PBXResourcesBuildPhase section */
		E842EA2B2F3AD7B6002D75C3 /* Resources */ = {
			isa = PBXResourcesBuildPhase;
			buildActionMask = 2147483647;
			files = (
				E842EA5D2F3AD7B6002D75C3 /* Icon.png in Resources */,
				E842EA362F3AD7B6002D75C3 /* LaunchScreen.storyboard in Resources */,
				E842EA5B2F3AD7B6002D75C3 /* Main.html in Resources */,
				E842EA612F3AD7B6002D75C3 /* Script.js in Resources */,
				E842EA652F3AD7B6002D75C3 /* Assets.xcassets in Resources */,
				E842EA392F3AD7B6002D75C3 /* Main.storyboard in Resources */,
				E842EA5F2F3AD7B6002D75C3 /* Style.css in Resources */,
			);
			runOnlyForDeploymentPostprocessing = 0;
		};
		E842EA3D2F3AD7B6002D75C3 /* Resources */ = {
			isa = PBXResourcesBuildPhase;
			buildActionMask = 2147483647;
			files = (
				E842EA5E2F3AD7B6002D75C3 /* Icon.png in Resources */,
				E842EA602F3AD7B6002D75C3 /* Style.css in Resources */,
				E842EA452F3AD7B6002D75C3 /* Main.storyboard in Resources */,
				E842EA622F3AD7B6002D75C3 /* Script.js in Resources */,
				E842EA662F3AD7B6002D75C3 /* Assets.xcassets in Resources */,
				E842EA5C2F3AD7B6002D75C3 /* Main.html in Resources */,
			);
			runOnlyForDeploymentPostprocessing = 0;
		};
		E842EA492F3AD7B6002D75C3 /* Resources */ = {
			isa = PBXResourcesBuildPhase;
			buildActionMask = 2147483647;
			files = (
				E842EA862F3AD7B6002D75C3 /* content.js in Resources */,
				E842EA872F3AD7B6002D75C3 /* assets in Resources */,
				E842EA852F3AD7B6002D75C3 /* manifest.json in Resources */,
				E842EA842F3AD7B6002D75C3 /* background.js in Resources */,
				E842EA882F3AD7B6002D75C3 /* src in Resources */,
			);
			runOnlyForDeploymentPostprocessing = 0;
		};
		E842EA532F3AD7B6002D75C3 /* Resources */ = {
			isa = PBXResourcesBuildPhase;
			buildActionMask = 2147483647;
			files = (
				E842EA812F3AD7B6002D75C3 /* content.js in Resources */,
				E842EA822F3AD7B6002D75C3 /* assets in Resources */,
				E842EA802F3AD7B6002D75C3 /* manifest.json in Resources */,
				E842EA7F2F3AD7B6002D75C3 /* background.js in Resources */,
				E842EA832F3AD7B6002D75C3 /* src in Resources */,
			);
			runOnlyForDeploymentPostprocessing = 0;
		};
/* End PBXResourcesBuildPhase section */

/* Begin PBXSourcesBuildPhase section */
		E842EA292F3AD7B6002D75C3 /* Sources */ = {
			isa = PBXSourcesBuildPhase;
			buildActionMask = 2147483647;
			files = (
				E842EA632F3AD7B6002D75C3 /* ViewController.swift in Sources */,
				E842EA312F3AD7B6002D75C3 /* AppDelegate.swift in Sources */,
				E842EA332F3AD7B6002D75C3 /* SceneDelegate.swift in Sources */,
			);
			runOnlyForDeploymentPostprocessing = 0;
		};
		E842EA3B2F3AD7B6002D75C3 /* Sources */ = {
			isa = PBXSourcesBuildPhase;
			buildActionMask = 2147483647;
			files = (
				E842EA642F3AD7B6002D75C3 /* ViewController.swift in Sources */,
				E842EA422F3AD7B6002D75C3 /* AppDelegate.swift in Sources */,
			);
			runOnlyForDeploymentPostprocessing = 0;
		};
		E842EA472F3AD7B6002D75C3 /* Sources */ = {
			isa = PBXSourcesBuildPhase;
			buildActionMask = 2147483647;
			files = (
				E842EA672F3AD7B6002D75C3 /* SafariWebExtensionHandler.swift in Sources */,
			);
			runOnlyForDeploymentPostprocessing = 0;
		};
		E842EA512F3AD7B6002D75C3 /* Sources */ = {
			isa = PBXSourcesBuildPhase;
			buildActionMask = 2147483647;
			files = (
				E842EA682F3AD7B6002D75C3 /* SafariWebExtensionHandler.swift in Sources */,
			);
			runOnlyForDeploymentPostprocessing = 0;
		};
/* End PBXSourcesBuildPhase section */

/* Begin PBXTargetDependency section */
		E842EA4E2F3AD7B6002D75C3 /* PBXTargetDependency */ = {
			isa = PBXTargetDependency;
			target = E842EA4A2F3AD7B6002D75C3 /* AxureScaleScreen Extension (iOS) */;
			targetProxy = E842EA4D2F3AD7B6002D75C3 /* PBXContainerItemProxy */;
		};
		E842EA582F3AD7B6002D75C3 /* PBXTargetDependency */ = {
			isa = PBXTargetDependency;
			target = E842EA542F3AD7B6002D75C3 /* AxureScaleScreen Extension (macOS) */;
			targetProxy = E842EA572F3AD7B6002D75C3 /* PBXContainerItemProxy */;
		};
/* End PBXTargetDependency section */

/* Begin PBXVariantGroup section */
		E842EA202F3AD7B5002D75C3 /* Main.html */ = {
			isa = PBXVariantGroup;
			children = (
				E842EA212F3AD7B5002D75C3 /* Base */,
			);
			name = Main.html;
			sourceTree = "<group>";
		};
		E842EA342F3AD7B6002D75C3 /* LaunchScreen.storyboard */ = {
			isa = PBXVariantGroup;
			children = (
				E842EA352F3AD7B6002D75C3 /* Base */,
			);
			name = LaunchScreen.storyboard;
			sourceTree = "<group>";
		};
		E842EA372F3AD7B6002D75C3 /* Main.storyboard */ = {
			isa = PBXVariantGroup;
			children = (
				E842EA382F3AD7B6002D75C3 /* Base */,
			);
			name = Main.storyboard;
			sourceTree = "<group>";
		};
		E842EA432F3AD7B6002D75C3 /* Main.storyboard */ = {
			isa = PBXVariantGroup;
			children = (
				E842EA442F3AD7B6002D75C3 /* Base */,
			);
			name = Main.storyboard;
			sourceTree = "<group>";
		};
/* End PBXVariantGroup section */

/* Begin XCBuildConfiguration section */
		E842EA692F3AD7B6002D75C3 /* Debug */ = {
			isa = XCBuildConfiguration;
			buildSettings = {
				ALWAYS_SEARCH_USER_PATHS = NO;
				ASSETCATALOG_COMPILER_GENERATE_SWIFT_ASSET_SYMBOL_EXTENSIONS = YES;
				CLANG_ANALYZER_NONNULL = YES;
				CLANG_ANALYZER_NUMBER_OBJECT_CONVERSION = YES_AGGRESSIVE;
				CLANG_CXX_LANGUAGE_STANDARD = "gnu++20";
				CLANG_ENABLE_MODULES = YES;
				CLANG_ENABLE_OBJC_ARC = YES;
				CLANG_ENABLE_OBJC_WEAK = YES;
				CLANG_WARN_BLOCK_CAPTURE_AUTORELEASING = YES;
				CLANG_WARN_BOOL_CONVERSION = YES;
				CLANG_WARN_COMMA = YES;
				CLANG_WARN_CONSTANT_CONVERSION = YES;
				CLANG_WARN_DEPRECATED_OBJC_IMPLEMENTATIONS = YES;
				CLANG_WARN_DIRECT_OBJC_ISA_USAGE = YES_ERROR;
				CLANG_WARN_DOCUMENTATION_COMMENTS = YES;
				CLANG_WARN_EMPTY_BODY = YES;
				CLANG_WARN_ENUM_CONVERSION = YES;
				CLANG_WARN_INFINITE_RECURSION = YES;
				CLANG_WARN_INT_CONVERSION = YES;
				CLANG_WARN_NON_LITERAL_NULL_CONVERSION = YES;
				CLANG_WARN_OBJC_IMPLICIT_RETAIN_SELF = YES;
				CLANG_WARN_OBJC_LITERAL_CONVERSION = YES;
				CLANG_WARN_OBJC_ROOT_CLASS = YES_ERROR;
				CLANG_WARN_QUOTED_INCLUDE_IN_FRAMEWORK_HEADER = YES;
				CLANG_WARN_RANGE_LOOP_ANALYSIS = YES;
				CLANG_WARN_STRICT_PROTOTYPES = YES;
				CLANG_WARN_SUSPICIOUS_MOVE = YES;
				CLANG_WARN_UNGUARDED_AVAILABILITY = YES_AGGRESSIVE;
				CLANG_WARN_UNREACHABLE_CODE = YES;
				CLANG_WARN__DUPLICATE_METHOD_MATCH = YES;
				COPY_PHASE_STRIP = NO;
				DEBUG_INFORMATION_FORMAT = dwarf;
				ENABLE_STRICT_OBJC_MSGSEND = YES;
				ENABLE_TESTABILITY = YES;
				ENABLE_USER_SCRIPT_SANDBOXING = YES;
				GCC_C_LANGUAGE_STANDARD = gnu17;
				GCC_DYNAMIC_NO_PIC = NO;
				GCC_NO_COMMON_BLOCKS = YES;
				GCC_OPTIMIZATION_LEVEL = 0;
				GCC_PREPROCESSOR_DEFINITIONS = (
					"DEBUG=1",
					"$(inherited)",
				);
				GCC_WARN_64_TO_32_BIT_CONVERSION = YES;
				GCC_WARN_ABOUT_RETURN_TYPE = YES_ERROR;
				GCC_WARN_UNDECLARED_SELECTOR = YES;
				GCC_WARN_UNINITIALIZED_AUTOS = YES_AGGRESSIVE;
				GCC_WARN_UNUSED_FUNCTION = YES;
				GCC_WARN_UNUSED_VARIABLE = YES;
				LOCALIZATION_PREFERS_STRING_CATALOGS = YES;
				MTL_ENABLE_DEBUG_INFO = INCLUDE_SOURCE;
				MTL_FAST_MATH = YES;
				ONLY_ACTIVE_ARCH = YES;
				SWIFT_ACTIVE_COMPILATION_CONDITIONS = "DEBUG $(inherited)";
				SWIFT_OPTIMIZATION_LEVEL = "-Onone";
			};
			name = Debug;
		};
		E842EA6A2F3AD7B6002D75C3 /* Release */ = {
			isa = XCBuildConfiguration;
			buildSettings = {
				ALWAYS_SEARCH_USER_PATHS = NO;
				ASSETCATALOG_COMPILER_GENERATE_SWIFT_ASSET_SYMBOL_EXTENSIONS = YES;
				CLANG_ANALYZER_NONNULL = YES;
				CLANG_ANALYZER_NUMBER_OBJECT_CONVERSION = YES_AGGRESSIVE;
				CLANG_CXX_LANGUAGE_STANDARD = "gnu++20";
				CLANG_ENABLE_MODULES = YES;
				CLANG_ENABLE_OBJC_ARC = YES;
				CLANG_ENABLE_OBJC_WEAK = YES;
				CLANG_WARN_BLOCK_CAPTURE_AUTORELEASING = YES;
				CLANG_WARN_BOOL_CONVERSION = YES;
				CLANG_WARN_COMMA = YES;
				CLANG_WARN_CONSTANT_CONVERSION = YES;
				CLANG_WARN_DEPRECATED_OBJC_IMPLEMENTATIONS = YES;
				CLANG_WARN_DIRECT_OBJC_ISA_USAGE = YES_ERROR;
				CLANG_WARN_DOCUMENTATION_COMMENTS = YES;
				CLANG_WARN_EMPTY_BODY = YES;
				CLANG_WARN_ENUM_CONVERSION = YES;
				CLANG_WARN_INFINITE_RECURSION = YES;
				CLANG_WARN_INT_CONVERSION = YES;
				CLANG_WARN_NON_LITERAL_NULL_CONVERSION = YES;
				CLANG_WARN_OBJC_IMPLICIT_RETAIN_SELF = YES;
				CLANG_WARN_OBJC_LITERAL_CONVERSION = YES;
				CLANG_WARN_OBJC_ROOT_CLASS = YES_ERROR;
				CLANG_WARN_QUOTED_INCLUDE_IN_FRAMEWORK_HEADER = YES;
				CLANG_WARN_RANGE_LOOP_ANALYSIS = YES;
				CLANG_WARN_STRICT_PROTOTYPES = YES;
				CLANG_WARN_SUSPICIOUS_MOVE = YES;
				CLANG_WARN_UNGUARDED_AVAILABILITY = YES_AGGRESSIVE;
				CLANG_WARN_UNREACHABLE_CODE = YES;
				CLANG_WARN__DUPLICATE_METHOD_MATCH = YES;
				COPY_PHASE_STRIP = NO;
				DEBUG_INFORMATION_FORMAT = "dwarf-with-dsym";
				ENABLE_NS_ASSERTIONS = NO;
				ENABLE_STRICT_OBJC_MSGSEND = YES;
				ENABLE_USER_SCRIPT_SANDBOXING = YES;
				GCC_C_LANGUAGE_STANDARD = gnu17;
				GCC_NO_COMMON_BLOCKS = YES;
				GCC_WARN_64_TO_32_BIT_CONVERSION = YES;
				GCC_WARN_ABOUT_RETURN_TYPE = YES_ERROR;
				GCC_WARN_UNDECLARED_SELECTOR = YES;
				GCC_WARN_UNINITIALIZED_AUTOS = YES_AGGRESSIVE;
				GCC_WARN_UNUSED_FUNCTION = YES;
				GCC_WARN_UNUSED_VARIABLE = YES;
				LOCALIZATION_PREFERS_STRING_CATALOGS = YES;
				MTL_ENABLE_DEBUG_INFO = NO;
				MTL_FAST_MATH = YES;
				SWIFT_COMPILATION_MODE = wholemodule;
			};
			name = Release;
		};
		E842EA6C2F3AD7B6002D75C3 /* Debug */ = {
			isa = XCBuildConfiguration;
			buildSettings = {
				CODE_SIGN_STYLE = Automatic;
				CURRENT_PROJECT_VERSION = 1;
				GENERATE_INFOPLIST_FILE = YES;
				INFOPLIST_FILE = "iOS (Extension)/Info.plist";
				INFOPLIST_KEY_CFBundleDisplayName = "AxureScaleScreen Extension";
				INFOPLIST_KEY_NSHumanReadableCopyright = "";
				IPHONEOS_DEPLOYMENT_TARGET = 15.0;
				LD_RUNPATH_SEARCH_PATHS = (
					"$(inherited)",
					"@executable_path/Frameworks",
					"@executable_path/../../Frameworks",
				);
				MARKETING_VERSION = 1.0;
				OTHER_LDFLAGS = (
					"-framework",
					SafariServices,
				);
				PRODUCT_BUNDLE_IDENTIFIER = com.example.axurescalescreen.Extension;
				PRODUCT_NAME = "AxureScaleScreen Extension";
				SDKROOT = iphoneos;
				SKIP_INSTALL = YES;
				STRING_CATALOG_GENERATE_SYMBOLS = YES;
				SWIFT_APPROACHABLE_CONCURRENCY = YES;
				SWIFT_EMIT_LOC_STRINGS = YES;
				SWIFT_UPCOMING_FEATURE_MEMBER_IMPORT_VISIBILITY = YES;
				SWIFT_VERSION = 5.0;
				TARGETED_DEVICE_FAMILY = "1,2";
			};
			name = Debug;
		};
		E842EA6D2F3AD7B6002D75C3 /* Release */ = {
			isa = XCBuildConfiguration;
			buildSettings = {
				CODE_SIGN_STYLE = Automatic;
				CURRENT_PROJECT_VERSION = 1;
				GENERATE_INFOPLIST_FILE = YES;
				INFOPLIST_FILE = "iOS (Extension)/Info.plist";
				INFOPLIST_KEY_CFBundleDisplayName = "AxureScaleScreen Extension";
				INFOPLIST_KEY_NSHumanReadableCopyright = "";
				IPHONEOS_DEPLOYMENT_TARGET = 15.0;
				LD_RUNPATH_SEARCH_PATHS = (
					"$(inherited)",
					"@executable_path/Frameworks",
					"@executable_path/../../Frameworks",
				);
				MARKETING_VERSION = 1.0;
				OTHER_LDFLAGS = (
					"-framework",
					SafariServices,
				);
				PRODUCT_BUNDLE_IDENTIFIER = com.example.axurescalescreen.Extension;
				PRODUCT_NAME = "AxureScaleScreen Extension";
				SDKROOT = iphoneos;
				SKIP_INSTALL = YES;
				STRING_CATALOG_GENERATE_SYMBOLS = YES;
				SWIFT_APPROACHABLE_CONCURRENCY = YES;
				SWIFT_EMIT_LOC_STRINGS = YES;
				SWIFT_UPCOMING_FEATURE_MEMBER_IMPORT_VISIBILITY = YES;
				SWIFT_VERSION = 5.0;
				TARGETED_DEVICE_FAMILY = "1,2";
				VALIDATE_PRODUCT = YES;
			};
			name = Release;
		};
		E842EA702F3AD7B6002D75C3 /* Debug */ = {
			isa = XCBuildConfiguration;
			buildSettings = {
				ASSETCATALOG_COMPILER_APPICON_NAME = AppIcon;
				ASSETCATALOG_COMPILER_GLOBAL_ACCENT_COLOR_NAME = AccentColor;
				CODE_SIGN_STYLE = Automatic;
				CURRENT_PROJECT_VERSION = 1;
				GENERATE_INFOPLIST_FILE = YES;
				INFOPLIST_FILE = "iOS (App)/Info.plist";
				INFOPLIST_KEY_CFBundleDisplayName = AxureScaleScreen;
				INFOPLIST_KEY_UIApplicationSupportsIndirectInputEvents = YES;
				INFOPLIST_KEY_UILaunchStoryboardName = LaunchScreen;
				INFOPLIST_KEY_UIMainStoryboardFile = Main;
				INFOPLIST_KEY_UISupportedInterfaceOrientations = "UIInterfaceOrientationPortrait UIInterfaceOrientationLandscapeLeft UIInterfaceOrientationLandscapeRight";
				INFOPLIST_KEY_UISupportedInterfaceOrientations_iPad = "UIInterfaceOrientationPortrait UIInterfaceOrientationPortraitUpsideDown UIInterfaceOrientationLandscapeLeft UIInterfaceOrientationLandscapeRight";
				IPHONEOS_DEPLOYMENT_TARGET = 15.0;
				LD_RUNPATH_SEARCH_PATHS = (
					"$(inherited)",
					"@executable_path/Frameworks",
				);
				MARKETING_VERSION = 1.0;
				OTHER_LDFLAGS = (
					"-framework",
					SafariServices,
					"-framework",
					WebKit,
				);
				PRODUCT_BUNDLE_IDENTIFIER = com.example.axurescalescreen;
				PRODUCT_NAME = AxureScaleScreen;
				SDKROOT = iphoneos;
				STRING_CATALOG_GENERATE_SYMBOLS = YES;
				SWIFT_APPROACHABLE_CONCURRENCY = YES;
				SWIFT_DEFAULT_ACTOR_ISOLATION = MainActor;
				SWIFT_EMIT_LOC_STRINGS = YES;
				SWIFT_UPCOMING_FEATURE_MEMBER_IMPORT_VISIBILITY = YES;
				SWIFT_VERSION = 5.0;
				TARGETED_DEVICE_FAMILY = "1,2";
			};
			name = Debug;
		};
		E842EA712F3AD7B6002D75C3 /* Release */ = {
			isa = XCBuildConfiguration;
			buildSettings = {
				ASSETCATALOG_COMPILER_APPICON_NAME = AppIcon;
				ASSETCATALOG_COMPILER_GLOBAL_ACCENT_COLOR_NAME = AccentColor;
				CODE_SIGN_STYLE = Automatic;
				CURRENT_PROJECT_VERSION = 1;
				GENERATE_INFOPLIST_FILE = YES;
				INFOPLIST_FILE = "iOS (App)/Info.plist";
				INFOPLIST_KEY_CFBundleDisplayName = AxureScaleScreen;
				INFOPLIST_KEY_UIApplicationSupportsIndirectInputEvents = YES;
				INFOPLIST_KEY_UILaunchStoryboardName = LaunchScreen;
				INFOPLIST_KEY_UIMainStoryboardFile = Main;
				INFOPLIST_KEY_UISupportedInterfaceOrientations = "UIInterfaceOrientationPortrait UIInterfaceOrientationLandscapeLeft UIInterfaceOrientationLandscapeRight";
				INFOPLIST_KEY_UISupportedInterfaceOrientations_iPad = "UIInterfaceOrientationPortrait UIInterfaceOrientationPortraitUpsideDown UIInterfaceOrientationLandscapeLeft UIInterfaceOrientationLandscapeRight";
				IPHONEOS_DEPLOYMENT_TARGET = 15.0;
				LD_RUNPATH_SEARCH_PATHS = (
					"$(inherited)",
					"@executable_path/Frameworks",
				);
				MARKETING_VERSION = 1.0;
				OTHER_LDFLAGS = (
					"-framework",
					SafariServices,
					"-framework",
					WebKit,
				);
				PRODUCT_BUNDLE_IDENTIFIER = com.example.axurescalescreen;
				PRODUCT_NAME = AxureScaleScreen;
				SDKROOT = iphoneos;
				STRING_CATALOG_GENERATE_SYMBOLS = YES;
				SWIFT_APPROACHABLE_CONCURRENCY = YES;
				SWIFT_DEFAULT_ACTOR_ISOLATION = MainActor;
				SWIFT_EMIT_LOC_STRINGS = YES;
				SWIFT_UPCOMING_FEATURE_MEMBER_IMPORT_VISIBILITY = YES;
				SWIFT_VERSION = 5.0;
				TARGETED_DEVICE_FAMILY = "1,2";
				VALIDATE_PRODUCT = YES;
			};
			name = Release;
		};
		E842EA732F3AD7B6002D75C3 /* Debug */ = {
			isa = XCBuildConfiguration;
			buildSettings = {
				CODE_SIGN_STYLE = Automatic;
				CURRENT_PROJECT_VERSION = 1;
				DEVELOPMENT_TEAM = 2MU2RM2G27;
				ENABLE_APP_SANDBOX = YES;
				ENABLE_HARDENED_RUNTIME = YES;
				ENABLE_USER_SELECTED_FILES = readonly;
				GENERATE_INFOPLIST_FILE = YES;
				INFOPLIST_FILE = "macOS (Extension)/Info.plist";
				INFOPLIST_KEY_CFBundleDisplayName = "AxureScaleScreen Extension";
				INFOPLIST_KEY_NSHumanReadableCopyright = "";
				LD_RUNPATH_SEARCH_PATHS = (
					"$(inherited)",
					"@executable_path/../Frameworks",
					"@executable_path/../../../../Frameworks",
				);
				MACOSX_DEPLOYMENT_TARGET = 10.14;
				MARKETING_VERSION = 1.0;
				OTHER_LDFLAGS = (
					"-framework",
					SafariServices,
				);
				PRODUCT_BUNDLE_IDENTIFIER = com.jasonchen.developer.axurescalescreen.extension;
				PRODUCT_NAME = "AxureScaleScreen Extension";
				SDKROOT = macosx;
				SKIP_INSTALL = YES;
				STRING_CATALOG_GENERATE_SYMBOLS = YES;
				SWIFT_APPROACHABLE_CONCURRENCY = YES;
				SWIFT_EMIT_LOC_STRINGS = YES;
				SWIFT_UPCOMING_FEATURE_MEMBER_IMPORT_VISIBILITY = YES;
				SWIFT_VERSION = 5.0;
			};
			name = Debug;
		};
		E842EA742F3AD7B6002D75C3 /* Release */ = {
			isa = XCBuildConfiguration;
			buildSettings = {
				CODE_SIGN_STYLE = Automatic;
				CURRENT_PROJECT_VERSION = 1;
				DEVELOPMENT_TEAM = 2MU2RM2G27;
				ENABLE_APP_SANDBOX = YES;
				ENABLE_HARDENED_RUNTIME = YES;
				ENABLE_USER_SELECTED_FILES = readonly;
				GENERATE_INFOPLIST_FILE = YES;
				INFOPLIST_FILE = "macOS (Extension)/Info.plist";
				INFOPLIST_KEY_CFBundleDisplayName = "AxureScaleScreen Extension";
				INFOPLIST_KEY_NSHumanReadableCopyright = "";
				LD_RUNPATH_SEARCH_PATHS = (
					"$(inherited)",
					"@executable_path/../Frameworks",
					"@executable_path/../../../../Frameworks",
				);
				MACOSX_DEPLOYMENT_TARGET = 10.14;
				MARKETING_VERSION = 1.0;
				OTHER_LDFLAGS = (
					"-framework",
					SafariServices,
				);
				PRODUCT_BUNDLE_IDENTIFIER = com.jasonchen.developer.axurescalescreen.extension;
				PRODUCT_NAME = "AxureScaleScreen Extension";
				SDKROOT = macosx;
				SKIP_INSTALL = YES;
				STRING_CATALOG_GENERATE_SYMBOLS = YES;
				SWIFT_APPROACHABLE_CONCURRENCY = YES;
				SWIFT_EMIT_LOC_STRINGS = YES;
				SWIFT_UPCOMING_FEATURE_MEMBER_IMPORT_VISIBILITY = YES;
				SWIFT_VERSION = 5.0;
			};
			name = Release;
		};
		E842EA772F3AD7B6002D75C3 /* Debug */ = {
			isa = XCBuildConfiguration;
			buildSettings = {
				ASSETCATALOG_COMPILER_APPICON_NAME = AppIcon;
				ASSETCATALOG_COMPILER_GLOBAL_ACCENT_COLOR_NAME = AccentColor;
				CODE_SIGN_STYLE = Automatic;
				CURRENT_PROJECT_VERSION = 1;
				DEVELOPMENT_TEAM = 2MU2RM2G27;
				ENABLE_APP_SANDBOX = YES;
				ENABLE_HARDENED_RUNTIME = YES;
				ENABLE_OUTGOING_NETWORK_CONNECTIONS = YES;
				ENABLE_USER_SELECTED_FILES = readonly;
				GENERATE_INFOPLIST_FILE = YES;
				INFOPLIST_FILE = "macOS (App)/Info.plist";
				INFOPLIST_KEY_CFBundleDisplayName = AxureScaleScreen;
				INFOPLIST_KEY_NSMainStoryboardFile = Main;
				INFOPLIST_KEY_NSPrincipalClass = NSApplication;
				LD_RUNPATH_SEARCH_PATHS = (
					"$(inherited)",
					"@executable_path/../Frameworks",
				);
				MACOSX_DEPLOYMENT_TARGET = 10.14;
				MARKETING_VERSION = 1.0;
				OTHER_LDFLAGS = (
					"-framework",
					SafariServices,
					"-framework",
					WebKit,
				);
				PRODUCT_BUNDLE_IDENTIFIER = com.jasonchen.developer.axurescalescreen;
				PRODUCT_NAME = AxureScaleScreen;
				REGISTER_APP_GROUPS = YES;
				SDKROOT = macosx;
				STRING_CATALOG_GENERATE_SYMBOLS = YES;
				SWIFT_APPROACHABLE_CONCURRENCY = YES;
				SWIFT_DEFAULT_ACTOR_ISOLATION = MainActor;
				SWIFT_EMIT_LOC_STRINGS = YES;
				SWIFT_UPCOMING_FEATURE_MEMBER_IMPORT_VISIBILITY = YES;
				SWIFT_VERSION = 5.0;
			};
			name = Debug;
		};
		E842EA782F3AD7B6002D75C3 /* Release */ = {
			isa = XCBuildConfiguration;
			buildSettings = {
				ASSETCATALOG_COMPILER_APPICON_NAME = AppIcon;
				ASSETCATALOG_COMPILER_GLOBAL_ACCENT_COLOR_NAME = AccentColor;
				CODE_SIGN_STYLE = Automatic;
				CURRENT_PROJECT_VERSION = 1;
				DEVELOPMENT_TEAM = 2MU2RM2G27;
				ENABLE_APP_SANDBOX = YES;
				ENABLE_HARDENED_RUNTIME = YES;
				ENABLE_OUTGOING_NETWORK_CONNECTIONS = YES;
				ENABLE_USER_SELECTED_FILES = readonly;
				GENERATE_INFOPLIST_FILE = YES;
				INFOPLIST_FILE = "macOS (App)/Info.plist";
				INFOPLIST_KEY_CFBundleDisplayName = AxureScaleScreen;
				INFOPLIST_KEY_NSMainStoryboardFile = Main;
				INFOPLIST_KEY_NSPrincipalClass = NSApplication;
				LD_RUNPATH_SEARCH_PATHS = (
					"$(inherited)",
					"@executable_path/../Frameworks",
				);
				MACOSX_DEPLOYMENT_TARGET = 10.14;
				MARKETING_VERSION = 1.0;
				OTHER_LDFLAGS = (
					"-framework",
					SafariServices,
					"-framework",
					WebKit,
				);
				PRODUCT_BUNDLE_IDENTIFIER = com.jasonchen.developer.axurescalescreen;
				PRODUCT_NAME = AxureScaleScreen;
				REGISTER_APP_GROUPS = YES;
				SDKROOT = macosx;
				STRING_CATALOG_GENERATE_SYMBOLS = YES;
				SWIFT_APPROACHABLE_CONCURRENCY = YES;
				SWIFT_DEFAULT_ACTOR_ISOLATION = MainActor;
				SWIFT_EMIT_LOC_STRINGS = YES;
				SWIFT_UPCOMING_FEATURE_MEMBER_IMPORT_VISIBILITY = YES;
				SWIFT_VERSION = 5.0;
			};
			name = Release;
		};
/* End XCBuildConfiguration section */

/* Begin XCConfigurationList section */
		E842EA1D2F3AD7B5002D75C3 /* Build configuration list for PBXProject "AxureScaleScreen" */ = {
			isa = XCConfigurationList;
			buildConfigurations = (
				E842EA692F3AD7B6002D75C3 /* Debug */,
				E842EA6A2F3AD7B6002D75C3 /* Release */,
			);
			defaultConfigurationIsVisible = 0;
			defaultConfigurationName = Release;
		};
		E842EA6B2F3AD7B6002D75C3 /* Build configuration list for PBXNativeTarget "AxureScaleScreen Extension (iOS)" */ = {
			isa = XCConfigurationList;
			buildConfigurations = (
				E842EA6C2F3AD7B6002D75C3 /* Debug */,
				E842EA6D2F3AD7B6002D75C3 /* Release */,
			);
			defaultConfigurationIsVisible = 0;
			defaultConfigurationName = Release;
		};
		E842EA6F2F3AD7B6002D75C3 /* Build configuration list for PBXNativeTarget "AxureScaleScreen (iOS)" */ = {
			isa = XCConfigurationList;
			buildConfigurations = (
				E842EA702F3AD7B6002D75C3 /* Debug */,
				E842EA712F3AD7B6002D75C3 /* Release */,
			);
			defaultConfigurationIsVisible = 0;
			defaultConfigurationName = Release;
		};
		E842EA722F3AD7B6002D75C3 /* Build configuration list for PBXNativeTarget "AxureScaleScreen Extension (macOS)" */ = {
			isa = XCConfigurationList;
			buildConfigurations = (
				E842EA732F3AD7B6002D75C3 /* Debug */,
				E842EA742F3AD7B6002D75C3 /* Release */,
			);
			defaultConfigurationIsVisible = 0;
			defaultConfigurationName = Release;
		};
		E842EA762F3AD7B6002D75C3 /* Build configuration list for PBXNativeTarget "AxureScaleScreen (macOS)" */ = {
			isa = XCConfigurationList;
			buildConfigurations = (
				E842EA772F3AD7B6002D75C3 /* Debug */,
				E842EA782F3AD7B6002D75C3 /* Release */,
			);
			defaultConfigurationIsVisible = 0;
			defaultConfigurationName = Release;
		};
/* End XCConfigurationList section */
	};
	rootObject = E842EA1A2F3AD7B5002D75C3 /* Project object */;
}
